
Microsoft Visual Studio Solution File, Format Version 10.00
# Visual C++ Express 2008
Project("{8BC9CEB8-8B4A-11D0-8D11-00A0C91BC942}") = "libfcache", "libfcache\libfcache.vcproj", "{493CBB92-E5AE-4E62-A074-9ACEE4DDDFA3}"
	ProjectSection(ProjectDependencies) = postProject
		{58EF72D6-030A-4742-A353-21B461635A96} = {58EF72D6-030A-4742-A353-21B461635A96}
		{E5B002B6-575D-4529-AD55-D2AFBF7D0C51} = {E5B002B6-575D-4529-AD55-D2AFBF7D0C51}
		{E5BF1DAF-6877-436A-93DD-572A3A7524F0} = {E5BF1DAF-6877-436A-93DD-572A3A7524F0}
	EndProjectSection
EndProject
Project("{8BC9CEB8-8B4A-11D0-8D11-00A0C91BC942}") = "libfguid", "libfguid\libfguid.vcproj", "{CC1CBD55-D2C2-4F21-BA88-98026B6EF025}"
	ProjectSection(ProjectDependencies) = postProject
		{58EF72D6-030A-4742-A353-21B461635A96} = {58EF72D6-030A-4742-A353-21B461635A96}
	EndProjectSection
EndProject
Project("{8BC9CEB8-8B4A-11D0-8D11-00A0C91BC942}") = "fshfs_test_attribute_record", "fshfs_test_attribute_record\fshfs_test_attribute_record.vcproj", "{50930937-F524-44FF-8AE4-0792653C6A29}"
	ProjectSection(ProjectDependencies) = postProject
		{13D05959-377F-408F-9A28-53DA9FA0DDEE} = {13D05959-377F-408F-9A28-53DA9FA0DDEE}
		{58EF72D6-030A-4742-A353-21B461635A96} = {58EF72D6-030A-4742-A353-21B461635A96}
	EndProjectSection
EndProject
Project("{8BC9CEB8-8B4A-11D0-8D11-00A0C91BC942}") = "fshfs_test_attributes_btree_key", "fshfs_test_attributes_btree_key\fshfs_test_attributes_btree_key.vcproj", "{596DD0B6-005D-4934-899B-AD918C021EB9}"
	ProjectSection(ProjectDependencies) = postProject
		{13D05959-377F-408F-9A28-53DA9FA0DDEE} = {13D05959-377F-408F-9A28-53DA9FA0DDEE}
		{58EF72D6-030A-4742-A353-21B461635A96} = {58EF72D6-030A-4742-A353-21B461635A96}
	EndProjectSection
EndProject
Project("{8BC9CEB8-8B4A-11D0-8D11-00A0C91BC942}") = "fshfs_test_bit_stream", "fshfs_test_bit_stream\fshfs_test_bit_stream.vcproj", "{8924DBFC-0339-49CA-ACC3-4D0EBDC0C908}"
	ProjectSection(ProjectDependencies) = postProject
		{13D05959-377F-408F-9A28-53DA9FA0DDEE} = {13D05959-377F-408F-9A28-53DA9FA0DDEE}
		{58EF72D6-030A-4742-A353-21B461635A96} = {58EF72D6-030A-4742-A353-21B461635A96}
	EndProjectSection
EndProject
Project("{8BC9CEB8-8B4A-11D0-8D11-00A0C91BC942}") = "fshfs_test_btree_file", "fshfs_test_btree_file\fshfs_test_btree_file.vcproj", "{4DE46E73-4576-4E5B-A242-98257EED11F5}"
	ProjectSection(ProjectDependencies) = postProject
		{68F78438-9325-4D03-B3FD-8BA057084BE7} = {68F78438-9325-4D03-B3FD-8BA057084BE7}
		{35AC104F-DAF9-4860-8C89-DB49D665531A} = {35AC104F-DAF9-4860-8C89-DB49D665531A}
		{003388BF-2DF2-4D30-8107-1119A09902C2} = {003388BF-2DF2-4D30-8107-1119A09902C2}
		{C77083B5-E248-4A8E-9F00-D533D8469A26} = {C77083B5-E248-4A8E-9F00-D533D8469A26}
		{EF642470-0925-4521-8166-D4A0FCD588A4} = {EF642470-0925-4521-8166-D4A0FCD588A4}
		{8ACFEE4E-DD09-45D3-8AE8-5A975EAA7C9D} = {8ACFEE4E-DD09-45D3-8AE8-5A975EAA7C9D}
		{A6B87FB3-7572-4C43-B547-007E7F2114C9} = {A6B87FB3-7572-4C43-B547-007E7F2114C9}
		{E5BF1DAF-6877-436A-93DD-572A3A7524F0} = {E5BF1DAF-6877-436A-93DD-572A3A7524F0}
		{13D05959-377F-408F-9A28-53DA9FA0DDEE} = {13D05959-377F-408F-9A28-53DA9FA0DDEE}
		{58EF72D6-030A-4742-A353-21B461635A96} = {58EF72D6-030A-4742-A353-21B461635A96}
	EndProjectSection
EndProject
Project("{8BC9CEB8-8B4A-11D0-8D11-00A0C91BC942}") = "fshfs_test_btree_header", "fshfs_test_btree_header\fshfs_test_btree_header.vcproj", "{5B651152-E874-4467-ABEB-119B435CFB52}"
	ProjectSection(ProjectDependencies) = postProject
		{13D05959-377F-408F-9A28-53DA9FA0DDEE} = {13D05959-377F-408F-9A28-53DA9FA0DDEE}
		{58EF72D6-030A-4742-A353-21B461635A96} = {58EF72D6-030A-4742-A353-21B461635A96}
	EndProjectSection
EndProject
Project("{8BC9CEB8-8B4A-11D0-8D11-00A0C91BC942}") = "fshfs_test_btree_node", "fshfs_test_btree_node\fshfs_test_btree_node.vcproj", "{E08E507E-E62C-45DF-8D25-4C8FE5F01CB4}"
	ProjectSection(ProjectDependencies) = postProject
		{13D05959-377F-408F-9A28-53DA9FA0DDEE} = {13D05959-377F-408F-9A28-53DA9FA0DDEE}
		{58EF72D6-030A-4742-A353-21B461635A96} = {58EF72D6-030A-4742-A353-21B461635A96}
	EndProjectSection
EndProject
Project("{8BC9CEB8-8B4A-11D0-8D11-00A0C91BC942}") = "fshfs_test_btree_node_descriptor", "fshfs_test_btree_node_descriptor\fshfs_test_btree_node_descriptor.vcproj", "{ECE1C3DE-702C-4DA2-BADB-F6AC4B910A6D}"
	ProjectSection(ProjectDependencies) = postProject
		{13D05959-377F-408F-9A28-53DA9FA0DDEE} = {13D05959-377F-408F-9A28-53DA9FA0DDEE}
		{58EF72D6-030A-4742-A353-21B461635A96} = {58EF72D6-030A-4742-A353-21B461635A96}
	EndProjectSection
EndProject
Project("{8BC9CEB8-8B4A-11D0-8D11-00A0C91BC942}") = "fshfs_test_btree_node_record", "fshfs_test_btree_node_record\fshfs_test_btree_node_record.vcproj", "{D1637EB8-57D3-428A-9BED-6CE88658F1C8}"
	ProjectSection(ProjectDependencies) = postProject
		{13D05959-377F-408F-9A28-53DA9FA0DDEE} = {13D05959-377F-408F-9A28-53DA9FA0DDEE}
		{58EF72D6-030A-4742-A353-21B461635A96} = {58EF72D6-030A-4742-A353-21B461635A96}
	EndProjectSection
EndProject
Project("{8BC9CEB8-8B4A-11D0-8D11-00A0C91BC942}") = "fshfs_test_buffer_data_handle", "fshfs_test_buffer_data_handle\fshfs_test_buffer_data_handle.vcproj", "{A1B9E47E-5D72-47FA-920C-BF4C9EA6F9C8}"
	ProjectSection(ProjectDependencies) = postProject
		{13D05959-377F-408F-9A28-53DA9FA0DDEE} = {13D05959-377F-408F-9A28-53DA9FA0DDEE}
		{58EF72D6-030A-4742-A353-21B461635A96} = {58EF72D6-030A-4742-A353-21B461635A96}
	EndProjectSection
EndProject
Project("{8BC9CEB8-8B4A-11D0-8D11-00A0C91BC942}") = "fshfs_test_catalog_btree_key", "fshfs_test_catalog_btree_key\fshfs_test_catalog_btree_key.vcproj", "{A953EB6F-A510-40A5-84B4-DEE5A80F4043}"
	ProjectSection(ProjectDependencies) = postProject
		{13D05959-377F-408F-9A28-53DA9FA0DDEE} = {13D05959-377F-408F-9A28-53DA9FA0DDEE}
		{58EF72D6-030A-4742-A353-21B461635A96} = {58EF72D6-030A-4742-A353-21B461635A96}
	EndProjectSection
EndProject
Project("{8BC9CEB8-8B4A-11D0-8D11-00A0C91BC942}") = "fshfs_test_compressed_data_handle", "fshfs_test_compressed_data_handle\fshfs_test_compressed_data_handle.vcproj", "{1BA3EBBA-2877-42D4-A772-EACBAE155017}"
	ProjectSection(ProjectDependencies) = postProject
		{F882ABB9-9B04-4A3C-B90B-8D10893C1E18} = {F882ABB9-9B04-4A3C-B90B-8D10893C1E18}
		{8ACFEE4E-DD09-45D3-8AE8-5A975EAA7C9D} = {8ACFEE4E-DD09-45D3-8AE8-5A975EAA7C9D}
		{E5BF1DAF-6877-436A-93DD-572A3A7524F0} = {E5BF1DAF-6877-436A-93DD-572A3A7524F0}
		{13D05959-377F-408F-9A28-53DA9FA0DDEE} = {13D05959-377F-408F-9A28-53DA9FA0DDEE}
		{58EF72D6-030A-4742-A353-21B461635A96} = {58EF72D6-030A-4742-A353-21B461635A96}
	EndProjectSection
EndProject
Project("{8BC9CEB8-8B4A-11D0-8D11-00A0C91BC942}") = "fshfs_test_compression", "fshfs_test_compression\fshfs_test_compression.vcproj", "{6B8782EE-DDD8-455E-81DD-47B5BCF33DFB}"
	ProjectSection(ProjectDependencies) = postProject
		{13D05959-377F-408F-9A28-53DA9FA0DDEE} = {13D05959-377F-408F-9A28-53DA9FA0DDEE}
		{58EF72D6-030A-4742-A353-21B461635A96} = {58EF72D6-030A-4742-A353-21B461635A96}
	EndProjectSection
EndProject
Project("{8BC9CEB8-8B4A-11D0-8D11-00A0C91BC942}") = "fshfs_test_deflate", "fshfs_test_deflate\fshfs_test_deflate.vcproj", "{DEE22C9C-2432-4067-B038-F4A1351A0A9A}"
	ProjectSection(ProjectDependencies) = postProject
		{8ACFEE4E-DD09-45D3-8AE8-5A975EAA7C9D} = {8ACFEE4E-DD09-45D3-8AE8-5A975EAA7C9D}
		{13D05959-377F-408F-9A28-53DA9FA0DDEE} = {13D05959-377F-408F-9A28-53DA9FA0DDEE}
		{58EF72D6-030A-4742-A353-21B461635A96} = {58EF72D6-030A-4742-A353-21B461635A96}
	EndProjectSection
EndProject
Project("{8BC9CEB8-8B4A-11D0-8D11-00A0C91BC942}") = "fshfs_test_directory_entry", "fshfs_test_directory_entry\fshfs_test_directory_entry.vcproj", "{5997348F-7D76-4132-B09E-EA214A3A5DE9}"
	ProjectSection(ProjectDependencies) = postProject
		{13D05959-377F-408F-9A28-53DA9FA0DDEE} = {13D05959-377F-408F-9A28-53DA9FA0DDEE}
		{58EF72D6-030A-4742-A353-21B461635A96} = {58EF72D6-030A-4742-A353-21B461635A96}
	EndProjectSection
EndProject
Project("{8BC9CEB8-8B4A-11D0-8D11-00A0C91BC942}") = "fshfs_test_directory_record", "fshfs_test_directory_record\fshfs_test_directory_record.vcproj", "{991E714A-76BD-4036-A0D4-F91BA1CE1D15}"
	ProjectSection(ProjectDependencies) = postProject
		{13D05959-377F-408F-9A28-53DA9FA0DDEE} = {13D05959-377F-408F-9A28-53DA9FA0DDEE}
		{58EF72D6-030A-4742-A353-21B461635A96} = {58EF72D6-030A-4742-A353-21B461635A96}
	EndProjectSection
EndProject
Project("{8BC9CEB8-8B4A-11D0-8D11-00A0C91BC942}") = "fshfs_test_error", "fshfs_test_error\fshfs_test_error.vcproj", "{9A49F667-A795-4A2A-9C69-CAD29ED588ED}"
	ProjectSection(ProjectDependencies) = postProject
		{13D05959-377F-408F-9A28-53DA9FA0DDEE} = {13D05959-377F-408F-9A28-53DA9FA0DDEE}
	EndProjectSection
EndProject
Project("{8BC9CEB8-8B4A-11D0-8D11-00A0C91BC942}") = "fshfs_test_extent", "fshfs_test_extent\fshfs_test_extent.vcproj", "{5FD3415D-8971-4356-8667-0E0D3CC654B9}"
	ProjectSection(ProjectDependencies) = postProject
		{13D05959-377F-408F-9A28-53DA9FA0DDEE} = {13D05959-377F-408F-9A28-53DA9FA0DDEE}
		{58EF72D6-030A-4742-A353-21B461635A96} = {58EF72D6-030A-4742-A353-21B461635A96}
	EndProjectSection
EndProject
Project("{8BC9CEB8-8B4A-11D0-8D11-00A0C91BC942}") = "fshfs_test_extents_btree_key", "fshfs_test_extents_btree_key\fshfs_test_extents_btree_key.vcproj", "{367B6419-2498-4199-A1AD-C4CD0B675FA3}"
	ProjectSection(ProjectDependencies) = postProject
		{13D05959-377F-408F-9A28-53DA9FA0DDEE} = {13D05959-377F-408F-9A28-53DA9FA0DDEE}
		{58EF72D6-030A-4742-A353-21B461635A96} = {58EF72D6-030A-4742-A353-21B461635A96}
	EndProjectSection
EndProject
Project("{8BC9CEB8-8B4A-11D0-8D11-00A0C91BC942}") = "fshfs_test_file_entry", "fshfs_test_file_entry\fshfs_test_file_entry.vcproj", "{3F8E79B1-2074-4B4A-A7B7-B8E0C7495AE9}"
	ProjectSection(ProjectDependencies) = postProject
		{13D05959-377F-408F-9A28-53DA9FA0DDEE} = {13D05959-377F-408F-9A28-53DA9FA0DDEE}
		{58EF72D6-030A-4742-A353-21B461635A96} = {58EF72D6-030A-4742-A353-21B461635A96}
	EndProjectSection
EndProject
Project("{8BC9CEB8-8B4A-11D0-8D11-00A0C91BC942}") = "fshfs_test_file_record", "fshfs_test_file_record\fshfs_test_file_record.vcproj", "{1701BECE-CF84-4970-8AFE-5367287D358D}"
	ProjectSection(ProjectDependencies) = postProject
		{13D05959-377F-408F-9A28-53DA9FA0DDEE} = {13D05959-377F-408F-9A28-53DA9FA0DDEE}
		{58EF72D6-030A-4742-A353-21B461635A96} = {58EF72D6-030A-4742-A353-21B461635A96}
	EndProjectSection
EndProject
Project("{8BC9CEB8-8B4A-11D0-8D11-00A0C91BC942}") = "fshfs_test_file_system", "fshfs_test_file_system\fshfs_test_file_system.vcproj", "{6BE1BA1B-AE1E-4235-A5B1-AF9E1C20E6CA}"
	ProjectSection(ProjectDependencies) = postProject
		{13D05959-377F-408F-9A28-53DA9FA0DDEE} = {13D05959-377F-408F-9A28-53DA9FA0DDEE}
		{58EF72D6-030A-4742-A353-21B461635A96} = {58EF72D6-030A-4742-A353-21B461635A96}
	EndProjectSection
EndProject
Project("{8BC9CEB8-8B4A-11D0-8D11-00A0C91BC942}") = "fshfs_test_fork_descriptor", "fshfs_test_fork_descriptor\fshfs_test_fork_descriptor.vcproj", "{FDAF2631-5458-4B8F-BB18-F55D63C83E5F}"
	ProjectSection(ProjectDependencies) = postProject
		{13D05959-377F-408F-9A28-53DA9FA0DDEE} = {13D05959-377F-408F-9A28-53DA9FA0DDEE}
		{58EF72D6-030A-4742-A353-21B461635A96} = {58EF72D6-030A-4742-A353-21B461635A96}
	EndProjectSection
EndProject
Project("{8BC9CEB8-8B4A-11D0-8D11-00A0C91BC942}") = "fshfs_test_huffman_tree", "fshfs_test_huffman_tree\fshfs_test_huffman_tree.vcproj", "{033C5893-2A28-4951-B381-74CEDDCA49E4}"
	ProjectSection(ProjectDependencies) = postProject
		{13D05959-377F-408F-9A28-53DA9FA0DDEE} = {13D05959-377F-408F-9A28-53DA9FA0DDEE}
		{58EF72D6-030A-4742-A353-21B461635A96} = {58EF72D6-030A-4742-A353-21B461635A96}
	EndProjectSection
EndProject
Project("{8BC9CEB8-8B4A-11D0-8D11-00A0C91BC942}") = "fshfs_test_io_handle", "fshfs_test_io_handle\fshfs_test_io_handle.vcproj", "{F4D679FC-1654-4D39-B915-D4C1BE9B149A}"
	ProjectSection(ProjectDependencies) = postProject
		{13D05959-377F-408F-9A28-53DA9FA0DDEE} = {13D05959-377F-408F-9A28-53DA9FA0DDEE}
		{58EF72D6-030A-4742-A353-21B461635A96} = {58EF72D6-030A-4742-A353-21B461635A96}
	EndProjectSection
EndProject
Project("{8BC9CEB8-8B4A-11D0-8D11-00A0C91BC942}") = "fshfs_test_master_directory_block", "fshfs_test_master_directory_block\fshfs_test_master_directory_block.vcproj", "{1353510E-2CC3-45F2-9802-87E95E04A73F}"
	ProjectSection(ProjectDependencies) = postProject
		{68F78438-9325-4D03-B3FD-8BA057084BE7} = {68F78438-9325-4D03-B3FD-8BA057084BE7}
		{35AC104F-DAF9-4860-8C89-DB49D665531A} = {35AC104F-DAF9-4860-8C89-DB49D665531A}
		{003388BF-2DF2-4D30-8107-1119A09902C2} = {003388BF-2DF2-4D30-8107-1119A09902C2}
		{C77083B5-E248-4A8E-9F00-D533D8469A26} = {C77083B5-E248-4A8E-9F00-D533D8469A26}
		{EF642470-0925-4521-8166-D4A0FCD588A4} = {EF642470-0925-4521-8166-D4A0FCD588A4}
		{8ACFEE4E-DD09-45D3-8AE8-5A975EAA7C9D} = {8ACFEE4E-DD09-45D3-8AE8-5A975EAA7C9D}
		{A6B87FB3-7572-4C43-B547-007E7F2114C9} = {A6B87FB3-7572-4C43-B547-007E7F2114C9}
		{E5BF1DAF-6877-436A-93DD-572A3A7524F0} = {E5BF1DAF-6877-436A-93DD-572A3A7524F0}
		{13D05959-377F-408F-9A28-53DA9FA0DDEE} = {13D05959-377F-408F-9A28-53DA9FA0DDEE}
		{58EF72D6-030A-4742-A353-21B461635A96} = {58EF72D6-030A-4742-A353-21B461635A96}
	EndProjectSection
EndProject
Project("{8BC9CEB8-8B4A-11D0-8D11-00A0C91BC942}") = "fshfs_test_name", "fshfs_test_name\fshfs_test_name.vcproj", "{E369C31E-6282-40F8-A409-F6E2D50149F9}"
	ProjectSection(ProjectDependencies) = postProject
		{13D05959-377F-408F-9A28-53DA9FA0DDEE} = {13D05959-377F-408F-9A28-53DA9FA0DDEE}
		{58EF72D6-030A-4742-A353-21B461635A96} = {58EF72D6-030A-4742-A353-21B461635A96}
	EndProjectSection
EndProject
Project("{8BC9CEB8-8B4A-11D0-8D11-00A0C91BC942}") = "fshfs_test_notify", "fshfs_test_notify\fshfs_test_notify.vcproj", "{ABBD3766-F56F-44E1-AC7E-DB061EC7618C}"
	ProjectSection(ProjectDependencies) = postProject
		{13D05959-377F-408F-9A28-53DA9FA0DDEE} = {13D05959-377F-408F-9A28-53DA9FA0DDEE}
		{58EF72D6-030A-4742-A353-21B461635A96} = {58EF72D6-030A-4742-A353-21B461635A96}
	EndProjectSection
EndProject
Project("{8BC9CEB8-8B4A-11D0-8D11-00A0C91BC942}") = "fshfs_test_profiler", "fshfs_test_profiler\fshfs_test_profiler.vcproj", "{F436D00D-6FDE-4952-94CF-C1142AC3982F}"
	ProjectSection(ProjectDependencies) = postProject
		{13D05959-377F-408F-9A28-53DA9FA0DDEE} = {13D05959-377F-408F-9A28-53DA9FA0DDEE}
		{58EF72D6-030A-4742-A353-21B461635A96} = {58EF72D6-030A-4742-A353-21B461635A96}
	EndProjectSection
EndProject
Project("{8BC9CEB8-8B4A-11D0-8D11-00A0C91BC942}") = "fshfs_test_support", "fshfs_test_support\fshfs_test_support.vcproj", "{CAF51B43-FACA-46D1-B530-39CAE72E004D}"
	ProjectSection(ProjectDependencies) = postProject
		{68F78438-9325-4D03-B3FD-8BA057084BE7} = {68F78438-9325-4D03-B3FD-8BA057084BE7}
		{35AC104F-DAF9-4860-8C89-DB49D665531A} = {35AC104F-DAF9-4860-8C89-DB49D665531A}
		{003388BF-2DF2-4D30-8107-1119A09902C2} = {003388BF-2DF2-4D30-8107-1119A09902C2}
		{C77083B5-E248-4A8E-9F00-D533D8469A26} = {C77083B5-E248-4A8E-9F00-D533D8469A26}
		{EF642470-0925-4521-8166-D4A0FCD588A4} = {EF642470-0925-4521-8166-D4A0FCD588A4}
		{8ACFEE4E-DD09-45D3-8AE8-5A975EAA7C9D} = {8ACFEE4E-DD09-45D3-8AE8-5A975EAA7C9D}
		{A6B87FB3-7572-4C43-B547-007E7F2114C9} = {A6B87FB3-7572-4C43-B547-007E7F2114C9}
		{E5BF1DAF-6877-436A-93DD-572A3A7524F0} = {E5BF1DAF-6877-436A-93DD-572A3A7524F0}
		{13D05959-377F-408F-9A28-53DA9FA0DDEE} = {13D05959-377F-408F-9A28-53DA9FA0DDEE}
		{58EF72D6-030A-4742-A353-21B461635A96} = {58EF72D6-030A-4742-A353-21B461635A96}
	EndProjectSection
EndProject
Project("{8BC9CEB8-8B4A-11D0-8D11-00A0C91BC942}") = "fshfs_test_thread_record", "fshfs_test_thread_record\fshfs_test_thread_record.vcproj", "{B05D0F0F-5FC7-490C-A1AD-4CD9DE7714A0}"
	ProjectSection(ProjectDependencies) = postProject
		{13D05959-377F-408F-9A28-53DA9FA0DDEE} = {13D05959-377F-408F-9A28-53DA9FA0DDEE}
		{58EF72D6-030A-4742-A353-21B461635A96} = {58EF72D6-030A-4742-A353-21B461635A96}
	EndProjectSection
EndProject
Project("{8BC9CEB8-8B4A-11D0-8D11-00A0C91BC942}") = "fshfs_test_tools_info_handle", "fshfs_test_tools_info_handle\fshfs_test_tools_info_handle.vcproj", "{32D5E7F1-610B-4503-AB16-99D657A4EB32}"
	ProjectSection(ProjectDependencies) = postProject
		{8E3BA1F7-0786-4A4F-962F-C8FC8281A025} = {8E3BA1F7-0786-4A4F-962F-C8FC8281A025}
		{CC1CBD55-D2C2-4F21-BA88-98026B6EF025} = {CC1CBD55-D2C2-4F21-BA88-98026B6EF025}
		{4BBCFF06-2F09-45BC-880B-E7FD41A5589E} = {4BBCFF06-2F09-45BC-880B-E7FD41A5589E}
		{68F78438-9325-4D03-B3FD-8BA057084BE7} = {68F78438-9325-4D03-B3FD-8BA057084BE7}
		{35AC104F-DAF9-4860-8C89-DB49D665531A} = {35AC104F-DAF9-4860-8C89-DB49D665531A}
		{003388BF-2DF2-4D30-8107-1119A09902C2} = {003388BF-2DF2-4D30-8107-1119A09902C2}
		{C77083B5-E248-4A8E-9F00-D533D8469A26} = {C77083B5-E248-4A8E-9F00-D533D8469A26}
		{EF642470-0925-4521-8166-D4A0FCD588A4} = {EF642470-0925-4521-8166-D4A0FCD588A4}
		{8ACFEE4E-DD09-45D3-8AE8-5A975EAA7C9D} = {8ACFEE4E-DD09-45D3-8AE8-5A975EAA7C9D}
		{A6B87FB3-7572-4C43-B547-007E7F2114C9} = {A6B87FB3-7572-4C43-B547-007E7F2114C9}
		{E5BF1DAF-6877-436A-93DD-572A3A7524F0} = {E5BF1DAF-6877-436A-93DD-572A3A7524F0}
		{13D05959-377F-408F-9A28-53DA9FA0DDEE} = {13D05959-377F-408F-9A28-53DA9FA0DDEE}
		{58EF72D6-030A-4742-A353-21B461635A96} = {58EF72D6-030A-4742-A353-21B461635A96}
	EndProjectSection
EndProject
Project("{8BC9CEB8-8B4A-11D0-8D11-00A0C91BC942}") = "fshfs_test_tools_output", "fshfs_test_tools_output\fshfs_test_tools_output.vcproj", "{957630DF-E157-49C2-805B-83EE752F2BEB}"
	ProjectSection(ProjectDependencies) = postProject
		{13D05959-377F-408F-9A28-53DA9FA0DDEE} = {13D05959-377F-408F-9A28-53DA9FA0DDEE}
		{58EF72D6-030A-4742-A353-21B461635A96} = {58EF72D6-030A-4742-A353-21B461635A96}
	EndProjectSection
EndProject
Project("{8BC9CEB8-8B4A-11D0-8D11-00A0C91BC942}") = "fshfs_test_tools_signal", "fshfs_test_tools_signal\fshfs_test_tools_signal.vcproj", "{C2730A9F-DB1D-4978-93C4-65528CBF1F98}"
	ProjectSection(ProjectDependencies) = postProject
		{13D05959-377F-408F-9A28-53DA9FA0DDEE} = {13D05959-377F-408F-9A28-53DA9FA0DDEE}
		{58EF72D6-030A-4742-A353-21B461635A96} = {58EF72D6-030A-4742-A353-21B461635A96}
	EndProjectSection
EndProject
Project("{8BC9CEB8-8B4A-11D0-8D11-00A0C91BC942}") = "fshfs_test_volume", "fshfs_test_volume\fshfs_test_volume.vcproj", "{11248BE9-0E74-4513-92A2-76D54A7E3894}"
	ProjectSection(ProjectDependencies) = postProject
		{68F78438-9325-4D03-B3FD-8BA057084BE7} = {68F78438-9325-4D03-B3FD-8BA057084BE7}
		{35AC104F-DAF9-4860-8C89-DB49D665531A} = {35AC104F-DAF9-4860-8C89-DB49D665531A}
		{003388BF-2DF2-4D30-8107-1119A09902C2} = {003388BF-2DF2-4D30-8107-1119A09902C2}
		{C77083B5-E248-4A8E-9F00-D533D8469A26} = {C77083B5-E248-4A8E-9F00-D533D8469A26}
		{EF642470-0925-4521-8166-D4A0FCD588A4} = {EF642470-0925-4521-8166-D4A0FCD588A4}
		{8ACFEE4E-DD09-45D3-8AE8-5A975EAA7C9D} = {8ACFEE4E-DD09-45D3-8AE8-5A975EAA7C9D}
		{A6B87FB3-7572-4C43-B547-007E7F2114C9} = {A6B87FB3-7572-4C43-B547-007E7F2114C9}
		{E5BF1DAF-6877-436A-93DD-572A3A7524F0} = {E5BF1DAF-6877-436A-93DD-572A3A7524F0}
		{13D05959-377F-408F-9A28-53DA9FA0DDEE} = {13D05959-377F-408F-9A28-53DA9FA0DDEE}
		{E5B002B6-575D-4529-AD55-D2AFBF7D0C51} = {E5B002B6-575D-4529-AD55-D2AFBF7D0C51}
		{58EF72D6-030A-4742-A353-21B461635A96} = {58EF72D6-030A-4742-A353-21B461635A96}
	EndProjectSection
EndProject
Project("{8BC9CEB8-8B4A-11D0-8D11-00A0C91BC942}") = "fshfs_test_volume_header", "fshfs_test_volume_header\fshfs_test_volume_header.vcproj", "{AF69A278-7A51-42F4-9F2E-3736B05F0C16}"
	ProjectSection(ProjectDependencies) = postProject
		{68F78438-9325-4D03-B3FD-8BA057084BE7} = {68F78438-9325-4D03-B3FD-8BA057084BE7}
		{35AC104F-DAF9-4860-8C89-DB49D665531A} = {35AC104F-DAF9-4860-8C89-DB49D665531A}
		{003388BF-2DF2-4D30-8107-1119A09902C2} = {003388BF-2DF2-4D30-8107-1119A09902C2}
		{C77083B5-E248-4A8E-9F00-D533D8469A26} = {C77083B5-E248-4A8E-9F00-D533D8469A26}
		{EF642470-0925-4521-8166-D4A0FCD588A4} = {EF642470-0925-4521-8166-D4A0FCD588A4}
		{8ACFEE4E-DD09-45D3-8AE8-5A975EAA7C9D} = {8ACFEE4E-DD09-45D3-8AE8-5A975EAA7C9D}
		{A6B87FB3-7572-4C43-B547-007E7F2114C9} = {A6B87FB3-7572-4C43-B547-007E7F2114C9}
		{E5BF1DAF-6877-436A-93DD-572A3A7524F0} = {E5BF1DAF-6877-436A-93DD-572A3A7524F0}
		{13D05959-377F-408F-9A28-53DA9FA0DDEE} = {13D05959-377F-408F-9A28-53DA9FA0DDEE}
		{58EF72D6-030A-4742-A353-21B461635A96} = {58EF72D6-030A-4742-A353-21B461635A96}
	EndProjectSection
EndProject
Project("{8BC9CEB8-8B4A-11D0-8D11-00A0C91BC942}") = "libfmos", "libfmos\libfmos.vcproj", "{876F9324-1377-4CEE-B801-FE800FE4EBDA}"
	ProjectSection(ProjectDependencies) = postProject
		{58EF72D6-030A-4742-A353-21B461635A96} = {58EF72D6-030A-4742-A353-21B461635A96}
		{E5B002B6-575D-4529-AD55-D2AFBF7D0C51} = {E5B002B6-575D-4529-AD55-D2AFBF7D0C51}
		{8ACFEE4E-DD09-45D3-8AE8-5A975EAA7C9D} = {8ACFEE4E-DD09-45D3-8AE8-5A975EAA7C9D}
	EndProjectSection
EndProject
Project("{8BC9CEB8-8B4A-11D0-8D11-00A0C91BC942}") = "libclocale", "libclocale\libclocale.vcproj", "{A6B87FB3-7572-4C43-B547-007E7F2114C9}"
	ProjectSection(ProjectDependencies) = postProject
		{58EF72D6-030A-4742-A353-21B461635A96} = {58EF72D6-030A-4742-A353-21B461635A96}
	EndProjectSection
EndProject
Project("{8BC9CEB8-8B4A-11D0-8D11-00A0C91BC942}") = "fshfsinfo", "fshfsinfo\fshfsinfo.vcproj", "{BF52A8D1-FA84-4885-B8A2-D9B6D338DD71}"
	ProjectSection(ProjectDependencies) = postProject
		{8E3BA1F7-0786-4A4F-962F-C8FC8281A025} = {8E3BA1F7-0786-4A4F-962F-C8FC8281A025}
		{CC1CBD55-D2C2-4F21-BA88-98026B6EF025} = {CC1CBD55-D2C2-4F21-BA88-98026B6EF025}
		{4BBCFF06-2F09-45BC-880B-E7FD41A5589E} = {4BBCFF06-2F09-45BC-880B-E7FD41A5589E}
		{68F78438-9325-4D03-B3FD-8BA057084BE7} = {68F78438-9325-4D03-B3FD-8BA057084BE7}
		{35AC104F-DAF9-4860-8C89-DB49D665531A} = {35AC104F-DAF9-4860-8C89-DB49D665531A}
		{003388BF-2DF2-4D30-8107-1119A09902C2} = {003388BF-2DF2-4D30-8107-1119A09902C2}
		{C77083B5-E248-4A8E-9F00-D533D8469A26} = {C77083B5-E248-4A8E-9F00-D533D8469A26}
		{EF642470-0925-4521-8166-D4A0FCD588A4} = {EF642470-0925-4521-8166-D4A0FCD588A4}
		{E5BF1DAF-6877-436A-93DD-572A3A7524F0} = {E5BF1DAF-6877-436A-93DD-572A3A7524F0}
		{8ACFEE4E-DD09-45D3-8AE8-5A975EAA7C9D} = {8ACFEE4E-DD09-45D3-8AE8-5A975EAA7C9D}
		{A6B87FB3-7572-4C43-B547-007E7F2114C9} = {A6B87FB3-7572-4C43-B547-007E7F2114C9}
		{13D05959-377F-408F-9A28-53DA9FA0DDEE} = {13D05959-377F-408F-9A28-53DA9FA0DDEE}
		{58EF72D6-030A-4742-A353-21B461635A96} = {58EF72D6-030A-4742-A353-21B461635A96}
	EndProjectSection
EndProject
Project("{8BC9CEB8-8B4A-11D0-8D11-00A0C91BC942}") = "fshfsmount", "fshfsmount\fshfsmount.vcproj", "{A9828D3E-AE7B-4D3F-8FE1-A02CB471A703}"
	ProjectSection(ProjectDependencies) = postProject
		{68F78438-9325-4D03-B3FD-8BA057084BE7} = {68F78438-9325-4D03-B3FD-8BA057084BE7}
		{35AC104F-DAF9-4860-8C89-DB49D665531A} = {35AC104F-DAF9-4860-8C89-DB49D665531A}
		{003388BF-2DF2-4D30-8107-1119A09902C2} = {003388BF-2DF2-4D30-8107-1119A09902C2}
		{C77083B5-E248-4A8E-9F00-D533D8469A26} = {C77083B5-E248-4A8E-9F00-D533D8469A26}
		{EF642470-0925-4521-8166-D4A0FCD588A4} = {EF642470-0925-4521-8166-D4A0FCD588A4}
		{8ACFEE4E-DD09-45D3-8AE8-5A975EAA7C9D} = {8ACFEE4E-DD09-45D3-8AE8-5A975EAA7C9D}
		{A6B87FB3-7572-4C43-B547-007E7F2114C9} = {A6B87FB3-7572-4C43-B547-007E7F2114C9}
		{E5BF1DAF-6877-436A-93DD-572A3A7524F0} = {E5BF1DAF-6877-436A-93DD-572A3A7524F0}
		{13D05959-377F-408F-9A28-53DA9FA0DDEE} = {13D05959-377F-408F-9A28-53DA9FA0DDEE}
		{58EF72D6-030A-4742-A353-21B461635A96} = {58EF72D6-030A-4742-A353-21B461635A96}
	EndProjectSection
EndProject
Project("{8BC9CEB8-8B4A-11D0-8D11-00A0C91BC942}") = "libbfio", "libbfio\libbfio.vcproj", "{68F78438-9325-4D03-B3FD-8BA057084BE7}"
	ProjectSection(ProjectDependencies) = postProject
		{58EF72D6-030A-4742-A353-21B461635A96} = {58EF72D6-030A-4742-A353-21B461635A96}
		{E5B002B6-575D-4529-AD55-D2AFBF7D0C51} = {E5B002B6-575D-4529-AD55-D2AFBF7D0C51}
		{A6B87FB3-7572-4C43-B547-007E7F2114C9} = {A6B87FB3-7572-4C43-B547-007E7F2114C9}
		{8ACFEE4E-DD09-45D3-8AE8-5A975EAA7C9D} = {8ACFEE4E-DD09-45D3-8AE8-5A975EAA7C9D}
		{E5BF1DAF-6877-436A-93DD-572A3A7524F0} = {E5BF1DAF-6877-436A-93DD-572A3A7524F0}
		{EF642470-0925-4521-8166-D4A0FCD588A4} = {EF642470-0925-4521-8166-D4A0FCD588A4}
		{003388BF-2DF2-4D30-8107-1119A09902C2} = {003388BF-2DF2-4D30-8107-1119A09902C2}
		{35AC104F-DAF9-4860-8C89-DB49D665531A} = {35AC104F-DAF9-4860-8C89-DB49D665531A}
		{C77083B5-E248-4A8E-9F00-D533D8469A26} = {C77083B5-E248-4A8E-9F00-D533D8469A26}
	EndProjectSection
EndProject
Project("{8BC9CEB8-8B4A-11D0-8D11-00A0C91BC942}") = "pyfshfs", "pyfshfs\pyfshfs.vcproj", "{1AFD9886-41D0-4543-8EBC-CCD3BECD215F}"
	ProjectSection(ProjectDependencies) = postProject
		{58EF72D6-030A-4742-A353-21B461635A96} = {58EF72D6-030A-4742-A353-21B461635A96}
		{13D05959-377F-408F-9A28-53DA9FA0DDEE} = {13D05959-377F-408F-9A28-53DA9FA0DDEE}
		{E5BF1DAF-6877-436A-93DD-572A3A7524F0} = {E5BF1DAF-6877-436A-93DD-572A3A7524F0}
		{A6B87FB3-7572-4C43-B547-007E7F2114C9} = {A6B87FB3-7572-4C43-B547-007E7F2114C9}
		{EF642470-0925-4521-8166-D4A0FCD588A4} = {EF642470-0925-4521-8166-D4A0FCD588A4}
		{C77083B5-E248-4A8E-9F00-D533D8469A26} = {C77083B5-E248-4A8E-9F00-D533D8469A26}
		{003388BF-2DF2-4D30-8107-1119A09902C2} = {003388BF-2DF2-4D30-8107-1119A09902C2}
		{35AC104F-DAF9-4860-8C89-DB49D665531A} = {35AC104F-DAF9-4860-8C89-DB49D665531A}
		{68F78438-9325-4D03-B3FD-8BA057084BE7} = {68F78438-9325-4D03-B3FD-8BA057084BE7}
	EndProjectSection
EndProject
Project("{8BC9CEB8-8B4A-11D0-8D11-00A0C91BC942}") = "libfdatetime", "libfdatetime\libfdatetime.vcproj", "{4BBCFF06-2F09-45BC-880B-E7FD41A5589E}"
	ProjectSection(ProjectDependencies) = postProject
		{58EF72D6-030A-4742-A353-21B461635A96} = {58EF72D6-030A-4742-A353-21B461635A96}
	EndProjectSection
EndProject
Project("{8BC9CEB8-8B4A-11D0-8D11-00A0C91BC942}") = "libcfile", "libcfile\libcfile.vcproj", "{003388BF-2DF2-4D30-8107-1119A09902C2}"
	ProjectSection(ProjectDependencies) = postProject
		{58EF72D6-030A-4742-A353-21B461635A96} = {58EF72D6-030A-4742-A353-21B461635A96}
		{A6B87FB3-7572-4C43-B547-007E7F2114C9} = {A6B87FB3-7572-4C43-B547-007E7F2114C9}
		{8ACFEE4E-DD09-45D3-8AE8-5A975EAA7C9D} = {8ACFEE4E-DD09-45D3-8AE8-5A975EAA7C9D}
		{C77083B5-E248-4A8E-9F00-D533D8469A26} = {C77083B5-E248-4A8E-9F00-D533D8469A26}
	EndProjectSection
EndProject
Project("{8BC9CEB8-8B4A-11D0-8D11-00A0C91BC942}") = "libcthreads", "libcthreads\libcthreads.vcproj", "{E5B002B6-575D-4529-AD55-D2AFBF7D0C51}"
	ProjectSection(ProjectDependencies) = postProject
		{58EF72D6-030A-4742-A353-21B461635A96} = {58EF72D6-030A-4742-A353-21B461635A96}
	EndProjectSection
EndProject
Project("{8BC9CEB8-8B4A-11D0-8D11-00A0C91BC942}") = "libcpath", "libcpath\libcpath.vcproj", "{35AC104F-DAF9-4860-8C89-DB49D665531A}"
	ProjectSection(ProjectDependencies) = postProject
		{58EF72D6-030A-4742-A353-21B461635A96} = {58EF72D6-030A-4742-A353-21B461635A96}
		{A6B87FB3-7572-4C43-B547-007E7F2114C9} = {A6B87FB3-7572-4C43-B547-007E7F2114C9}
		{EF642470-0925-4521-8166-D4A0FCD588A4} = {EF642470-0925-4521-8166-D4A0FCD588A4}
		{C77083B5-E248-4A8E-9F00-D533D8469A26} = {C77083B5-E248-4A8E-9F00-D533D8469A26}
	EndProjectSection
EndProject
Project("{8BC9CEB8-8B4A-11D0-8D11-00A0C91BC942}") = "libhmac", "libhmac\libhmac.vcproj", "{8E3BA1F7-0786-4A4F-962F-C8FC8281A025}"
	ProjectSection(ProjectDependencies) = postProject
		{58EF72D6-030A-4742-A353-21B461635A96} = {58EF72D6-030A-4742-A353-21B461635A96}
	EndProjectSection
EndProject
Project("{8BC9CEB8-8B4A-11D0-8D11-00A0C91BC942}") = "libuna", "libuna\libuna.vcproj", "{C77083B5-E248-4A8E-9F00-D533D8469A26}"
	ProjectSection(ProjectDependencies) = postProject
		{58EF72D6-030A-4742-A353-21B461635A96} = {58EF72D6-030A-4742-A353-21B461635A96}
	EndProjectSection
EndProject
Project("{8BC9CEB8-8B4A-11D0-8D11-00A0C91BC942}") = "libfshfs", "libfshfs\libfshfs.vcproj", "{13D05959-377F-408F-9A28-53DA9FA0DDEE}"
	ProjectSection(ProjectDependencies) = postProject
		{58EF72D6-030A-4742-A353-21B461635A96} = {58EF72D6-030A-4742-A353-21B461635A96}
		{E5B002B6-575D-4529-AD55-D2AFBF7D0C51} = {E5B002B6-575D-4529-AD55-D2AFBF7D0C51}
		{E5BF1DAF-6877-436A-93DD-572A3A7524F0} = {E5BF1DAF-6877-436A-93DD-572A3A7524F0}
		{A6B87FB3-7572-4C43-B547-007E7F2114C9} = {A6B87FB3-7572-4C43-B547-007E7F2114C9}
		{8ACFEE4E-DD09-45D3-8AE8-5A975EAA7C9D} = {8ACFEE4E-DD09-45D3-8AE8-5A975EAA7C9D}
		{EF642470-0925-4521-8166-D4A0FCD588A4} = {EF642470-0925-4521-8166-D4A0FCD588A4}
		{C77083B5-E248-4A8E-9F00-D533D8469A26} = {C77083B5-E248-4A8E-9F00-D533D8469A26}
		{003388BF-2DF2-4D30-8107-1119A09902C2} = {003388BF-2DF2-4D30-8107-1119A09902C2}
		{35AC104F-DAF9-4860-8C89-DB49D665531A} = {35AC104F-DAF9-4860-8C89-DB49D665531A}
		{68F78438-9325-4D03-B3FD-8BA057084BE7} = {68F78438-9325-4D03-B3FD-8BA057084BE7}
		{493CBB92-E5AE-4E62-A074-9ACEE4DDDFA3} = {493CBB92-E5AE-4E62-A074-9ACEE4DDDFA3}
		{F882ABB9-9B04-4A3C-B90B-8D10893C1E18} = {F882ABB9-9B04-4A3C-B90B-8D10893C1E18}
		{4BBCFF06-2F09-45BC-880B-E7FD41A5589E} = {4BBCFF06-2F09-45BC-880B-E7FD41A5589E}
		{CC1CBD55-D2C2-4F21-BA88-98026B6EF025} = {CC1CBD55-D2C2-4F21-BA88-98026B6EF025}
		{876F9324-1377-4CEE-B801-FE800FE4EBDA} = {876F9324-1377-4CEE-B801-FE800FE4EBDA}
		{068E441C-8F3C-411A-A837-1E68A4C7C6C2} = {068E441C-8F3C-411A-A837-1E68A4C7C6C2}
	EndProjectSection
EndProject
Project("{8BC9CEB8-8B4A-11D0-8D11-00A0C91BC942}") = "libcerror", "libcerror\libcerror.vcproj", "{58EF72D6-030A-4742-A353-21B461635A96}"
EndProject
Project("{8BC9CEB8-8B4A-11D0-8D11-00A0C91BC942}") = "libcnotify", "libcnotify\libcnotify.vcproj", "{8ACFEE4E-DD09-45D3-8AE8-5A975EAA7C9D}"
	ProjectSection(ProjectDependencies) = postProject
		{58EF72D6-030A-4742-A353-21B461635A96} = {58EF72D6-030A-4742-A353-21B461635A96}
	EndProjectSection
EndProject
Project("{8BC9CEB8-8B4A-11D0-8D11-00A0C91BC942}") = "libfdata", "libfdata\libfdata.vcproj", "{F882ABB9-9B04-4A3C-B90B-8D10893C1E18}"
	ProjectSection(ProjectDependencies) = postProject
		{58EF72D6-030A-4742-A353-21B461635A96} = {58EF72D6-030A-4742-A353-21B461635A96}
		{E5B002B6-575D-4529-AD55-D2AFBF7D0C51} = {E5B002B6-575D-4529-AD55-D2AFBF7D0C51}
		{E5BF1DAF-6877-436A-93DD-572A3A7524F0} = {E5BF1DAF-6877-436A-93DD-572A3A7524F0}
		{8ACFEE4E-DD09-45D3-8AE8-5A975EAA7C9D} = {8ACFEE4E-DD09-45D3-8AE8-5A975EAA7C9D}
		{493CBB92-E5AE-4E62-A074-9ACEE4DDDFA3} = {493CBB92-E5AE-4E62-A074-9ACEE4DDDFA3}
	EndProjectSection
EndProject
Project("{8BC9CEB8-8B4A-11D0-8D11-00A0C91BC942}") = "libcdata", "libcdata\libcdata.vcproj", "{E5BF1DAF-6877-436A-93DD-572A3A7524F0}"
	ProjectSection(ProjectDependencies) = postProject
		{58EF72D6-030A-4742-A353-21B461635A96} = {58EF72D6-030A-4742-A353-21B461635A96}
		{E5B002B6-575D-4529-AD55-D2AFBF7D0C51} = {E5B002B6-575D-4529-AD55-D2AFBF7D0C51}
	EndProjectSection
EndProject
Project("{8BC9CEB8-8B4A-11D0-8D11-00A0C91BC942}") = "libcsplit", "libcsplit\libcsplit.vcproj", "{EF642470-0925-4521-8166-D4A0FCD588A4}"
	ProjectSection(ProjectDependencies) = postProject
		{58EF72D6-030A-4742-A353-21B461635A96} = {58EF72D6-030A-4742-A353-21B461635A96}
	EndProjectSection
EndProject
Project("{8BC9CEB8-8B4A-11D0-8D11-00A0C91BC942}") = "zlib", "zlib\zlib.vcproj", "{068E441C-8F3C-411A-A837-1E68A4C7C6C2}"
EndProject
Global
	GlobalSection(SolutionConfigurationPlatforms) = preSolution
		Release|Win32 = Release|Win32
		VSDebug|Win32 = VSDebug|Win32
	EndGlobalSection
	GlobalSection(ProjectConfigurationPlatforms) = postSolution
		{493CBB92-E5AE-4E62-A074-9ACEE4DDDFA3}.Release|Win32.ActiveCfg = Release|Win32
		{493CBB92-E5AE-4E62-A074-9ACEE4DDDFA3}.Release|Win32.Build.0 = Release|Win32
		{493CBB92-E5AE-4E62-A074-9ACEE4DDDFA3}.VSDebug|Win32.ActiveCfg = VSDebug|Win32
		{493CBB92-E5AE-4E62-A074-9ACEE4DDDFA3}.VSDebug|Win32.Build.0 = VSDebug|Win32
		{CC1CBD55-D2C2-4F21-BA88-98026B6EF025}.Release|Win32.ActiveCfg = Release|Win32
		{CC1CBD55-D2C2-4F21-BA88-98026B6EF025}.Release|Win32.Build.0 = Release|Win32
		{CC1CBD55-D2C2-4F21-BA88-98026B6EF025}.VSDebug|Win32.ActiveCfg = VSDebug|Win32
		{CC1CBD55-D2C2-4F21-BA88-98026B6EF025}.VSDebug|Win32.Build.0 = VSDebug|Win32
		{50930937-F524-44FF-8AE4-0792653C6A29}.Release|Win32.ActiveCfg = Release|Win32
		{50930937-F524-44FF-8AE4-0792653C6A29}.Release|Win32.Build.0 = Release|Win32
		{50930937-F524-44FF-8AE4-0792653C6A29}.VSDebug|Win32.ActiveCfg = VSDebug|Win32
		{50930937-F524-44FF-8AE4-0792653C6A29}.VSDebug|Win32.Build.0 = VSDebug|Win32
		{596DD0B6-005D-4934-899B-AD918C021EB9}.Release|Win32.ActiveCfg = Release|Win32
		{596DD0B6-005D-4934-899B-AD918C021EB9}.Release|Win32.Build.0 = Release|Win32
		{596DD0B6-005D-4934-899B-AD918C021EB9}.VSDebug|Win32.ActiveCfg = VSDebug|Win32
		{596DD0B6-005D-4934-899B-AD918C021EB9}.VSDebug|Win32.Build.0 = VSDebug|Win32
		{8924DBFC-0339-49CA-ACC3-4D0EBDC0C908}.Release|Win32.ActiveCfg = Release|Win32
		{8924DBFC-0339-49CA-ACC3-4D0EBDC0C908}.Release|Win32.Build.0 = Release|Win32
		{8924DBFC-0339-49CA-ACC3-4D0EBDC0C908}.VSDebug|Win32.ActiveCfg = VSDebug|Win32
		{8924DBFC-0339-49CA-ACC3-4D0EBDC0C908}.VSDebug|Win32.Build.0 = VSDebug|Win32
		{4DE46E73-4576-4E5B-A242-98257EED11F5}.Release|Win32.ActiveCfg = Release|Win32
		{4DE46E73-4576-4E5B-A242-98257EED11F5}.Release|Win32.Build.0 = Release|Win32
		{4DE46E73-4576-4E5B-A242-98257EED11F5}.VSDebug|Win32.ActiveCfg = VSDebug|Win32
		{4DE46E73-4576-4E5B-A242-98257EED11F5}.VSDebug|Win32.Build.0 = VSDebug|Win32
		{5B651152-E874-4467-ABEB-119B435CFB52}.Release|Win32.ActiveCfg = Release|Win32
		{5B651152-E874-4467-ABEB-119B435CFB52}.Release|Win32.Build.0 = Release|Win32
		{5B651152-E874-4467-ABEB-119B435CFB52}.VSDebug|Win32.ActiveCfg = VSDebug|Win32
		{5B651152-E874-4467-ABEB-119B435CFB52}.VSDebug|Win32.Build.0 = VSDebug|Win32
		{E08E507E-E62C-45DF-8D25-4C8FE5F01CB4}.Release|Win32.ActiveCfg = Release|Win32
		{E08E507E-E62C-45DF-8D25-4C8FE5F01CB4}.Release|Win32.Build.0 = Release|Win32
		{E08E507E-E62C-45DF-8D25-4C8FE5F01CB4}.VSDebug|Win32.ActiveCfg = VSDebug|Win32
		{E08E507E-E62C-45DF-8D25-4C8FE5F01CB4}.VSDebug|Win32.Build.0 = VSDebug|Win32
		{ECE1C3DE-702C-4DA2-BADB-F6AC4B910A6D}.Release|Win32.ActiveCfg = Release|Win32
		{ECE1C3DE-702C-4DA2-BADB-F6AC4B910A6D}.Release|Win32.Build.0 = Release|Win32
		{ECE1C3DE-702C-4DA2-BADB-F6AC4B910A6D}.VSDebug|Win32.ActiveCfg = VSDebug|Win32
		{ECE1C3DE-702C-4DA2-BADB-F6AC4B910A6D}.VSDebug|Win32.Build.0 = VSDebug|Win32
		{D1637EB8-57D3-428A-9BED-6CE88658F1C8}.Release|Win32.ActiveCfg = Release|Win32
		{D1637EB8-57D3-428A-9BED-6CE88658F1C8}.Release|Win32.Build.0 = Release|Win32
		{D1637EB8-57D3-428A-9BED-6CE88658F1C8}.VSDebug|Win32.ActiveCfg = VSDebug|Win32
		{D1637EB8-57D3-428A-9BED-6CE88658F1C8}.VSDebug|Win32.Build.0 = VSDebug|Win32
		{A1B9E47E-5D72-47FA-920C-BF4C9EA6F9C8}.Release|Win32.ActiveCfg = Release|Win32
		{A1B9E47E-5D72-47FA-920C-BF4C9EA6F9C8}.Release|Win32.Build.0 = Release|Win32
		{A1B9E47E-5D72-47FA-920C-BF4C9EA6F9C8}.VSDebug|Win32.ActiveCfg = VSDebug|Win32
		{A1B9E47E-5D72-47FA-920C-BF4C9EA6F9C8}.VSDebug|Win32.Build.0 = VSDebug|Win32
		{A953EB6F-A510-40A5-84B4-DEE5A80F4043}.Release|Win32.ActiveCfg = Release|Win32
		{A953EB6F-A510-40A5-84B4-DEE5A80F4043}.Release|Win32.Build.0 = Release|Win32
		{A953EB6F-A510-40A5-84B4-DEE5A80F4043}.VSDebug|Win32.ActiveCfg = VSDebug|Win32
		{A953EB6F-A510-40A5-84B4-DEE5A80F4043}.VSDebug|Win32.Build.0 = VSDebug|Win32
		{1BA3EBBA-2877-42D4-A772-EACBAE155017}.Release|Win32.ActiveCfg = Release|Win32
		{1BA3EBBA-2877-42D4-A772-EACBAE155017}.Release|Win32.Build.0 = Release|Win32
		{1BA3EBBA-2877-42D4-A772-EACBAE155017}.VSDebug|Win32.ActiveCfg = VSDebug|Win32
		{1BA3EBBA-2877-42D4-A772-EACBAE155017}.VSDebug|Win32.Build.0 = VSDebug|Win32
		{6B8782EE-DDD8-455E-81DD-47B5BCF33DFB}.Release|Win32.ActiveCfg = Release|Win32
		{6B8782EE-DDD8-455E-81DD-47B5BCF33DFB}.Release|Win32.Build.0 = Release|Win32
		{6B8782EE-DDD8-455E-81DD-47B5BCF33DFB}.VSDebug|Win32.ActiveCfg = VSDebug|Win32
		{6B8782EE-DDD8-455E-81DD-47B5BCF33DFB}.VSDebug|Win32.Build.0 = VSDebug|Win32
		{DEE22C9C-2432-4067-B038-F4A1351A0A9A}.Release|Win32.ActiveCfg = Release|Win32
		{DEE22C9C-2432-4067-B038-F4A1351A0A9A}.Release|Win32.Build.0 = Release|Win32
		{DEE22C9C-2432-4067-B038-F4A1351A0A9A}.VSDebug|Win32.ActiveCfg = VSDebug|Win32
		{DEE22C9C-2432-4067-B038-F4A1351A0A9A}.VSDebug|Win32.Build.0 = VSDebug|Win32
		{5997348F-7D76-4132-B09E-EA214A3A5DE9}.Release|Win32.ActiveCfg = Release|Win32
		{5997348F-7D76-4132-B09E-EA214A3A5DE9}.Release|Win32.Build.0 = Release|Win32
		{5997348F-7D76-4132-B09E-EA214A3A5DE9}.VSDebug|Win32.ActiveCfg = VSDebug|Win32
		{5997348F-7D76-4132-B09E-EA214A3A5DE9}.VSDebug|Win32.Build.0 = VSDebug|Win32
		{991E714A-76BD-4036-A0D4-F91BA1CE1D15}.Release|Win32.ActiveCfg = Release|Win32
		{991E714A-76BD-4036-A0D4-F91BA1CE1D15}.Release|Win32.Build.0 = Release|Win32
		{991E714A-76BD-4036-A0D4-F91BA1CE1D15}.VSDebug|Win32.ActiveCfg = VSDebug|Win32
		{991E714A-76BD-4036-A0D4-F91BA1CE1D15}.VSDebug|Win32.Build.0 = VSDebug|Win32
		{9A49F667-A795-4A2A-9C69-CAD29ED588ED}.Release|Win32.ActiveCfg = Release|Win32
		{9A49F667-A795-4A2A-9C69-CAD29ED588ED}.Release|Win32.Build.0 = Release|Win32
		{9A49F667-A795-4A2A-9C69-CAD29ED588ED}.VSDebug|Win32.ActiveCfg = VSDebug|Win32
		{9A49F667-A795-4A2A-9C69-CAD29ED588ED}.VSDebug|Win32.Build.0 = VSDebug|Win32
		{5FD3415D-8971-4356-8667-0E0D3CC654B9}.Release|Win32.ActiveCfg = Release|Win32
		{5FD3415D-8971-4356-8667-0E0D3CC654B9}.Release|Win32.Build.0 = Release|Win32
		{5FD3415D-8971-4356-8667-0E0D3CC654B9}.VSDebug|Win32.ActiveCfg = VSDebug|Win32
		{5FD3415D-8971-4356-8667-0E0D3CC654B9}.VSDebug|Win32.Build.0 = VSDebug|Win32
		{367B6419-2498-4199-A1AD-C4CD0B675FA3}.Release|Win32.ActiveCfg = Release|Win32
		{367B6419-2498-4199-A1AD-C4CD0B675FA3}.Release|Win32.Build.0 = Release|Win32
		{367B6419-2498-4199-A1AD-C4CD0B675FA3}.VSDebug|Win32.ActiveCfg = VSDebug|Win32
		{367B6419-2498-4199-A1AD-C4CD0B675FA3}.VSDebug|Win32.Build.0 = VSDebug|Win32
		{3F8E79B1-2074-4B4A-A7B7-B8E0C7495AE9}.Release|Win32.ActiveCfg = Release|Win32
		{3F8E79B1-2074-4B4A-A7B7-B8E0C7495AE9}.Release|Win32.Build.0 = Release|Win32
		{3F8E79B1-2074-4B4A-A7B7-B8E0C7495AE9}.VSDebug|Win32.ActiveCfg = VSDebug|Win32
		{3F8E79B1-2074-4B4A-A7B7-B8E0C7495AE9}.VSDebug|Win32.Build.0 = VSDebug|Win32
		{1701BECE-CF84-4970-8AFE-5367287D358D}.Release|Win32.ActiveCfg = Release|Win32
		{1701BECE-CF84-4970-8AFE-5367287D358D}.Release|Win32.Build.0 = Release|Win32
		{1701BECE-CF84-4970-8AFE-5367287D358D}.VSDebug|Win32.ActiveCfg = VSDebug|Win32
		{1701BECE-CF84-4970-8AFE-5367287D358D}.VSDebug|Win32.Build.0 = VSDebug|Win32
		{6BE1BA1B-AE1E-4235-A5B1-AF9E1C20E6CA}.Release|Win32.ActiveCfg = Release|Win32
		{6BE1BA1B-AE1E-4235-A5B1-AF9E1C20E6CA}.Release|Win32.Build.0 = Release|Win32
		{6BE1BA1B-AE1E-4235-A5B1-AF9E1C20E6CA}.VSDebug|Win32.ActiveCfg = VSDebug|Win32
		{6BE1BA1B-AE1E-4235-A5B1-AF9E1C20E6CA}.VSDebug|Win32.Build.0 = VSDebug|Win32
		{FDAF2631-5458-4B8F-BB18-F55D63C83E5F}.Release|Win32.ActiveCfg = Release|Win32
		{FDAF2631-5458-4B8F-BB18-F55D63C83E5F}.Release|Win32.Build.0 = Release|Win32
		{FDAF2631-5458-4B8F-BB18-F55D63C83E5F}.VSDebug|Win32.ActiveCfg = VSDebug|Win32
		{FDAF2631-5458-4B8F-BB18-F55D63C83E5F}.VSDebug|Win32.Build.0 = VSDebug|Win32
		{033C5893-2A28-4951-B381-74CEDDCA49E4}.Release|Win32.ActiveCfg = Release|Win32
		{033C5893-2A28-4951-B381-74CEDDCA49E4}.Release|Win32.Build.0 = Release|Win32
		{033C5893-2A28-4951-B381-74CEDDCA49E4}.VSDebug|Win32.ActiveCfg = VSDebug|Win32
		{033C5893-2A28-4951-B381-74CEDDCA49E4}.VSDebug|Win32.Build.0 = VSDebug|Win32
		{F4D679FC-1654-4D39-B915-D4C1BE9B149A}.Release|Win32.ActiveCfg = Release|Win32
		{F4D679FC-1654-4D39-B915-D4C1BE9B149A}.Release|Win32.Build.0 = Release|Win32
		{F4D679FC-1654-4D39-B915-D4C1BE9B149A}.VSDebug|Win32.ActiveCfg = VSDebug|Win32
		{F4D679FC-1654-4D39-B915-D4C1BE9B149A}.VSDebug|Win32.Build.0 = VSDebug|Win32
		{1353510E-2CC3-45F2-9802-87E95E04A73F}.Release|Win32.ActiveCfg = Release|Win32
		{1353510E-2CC3-45F2-9802-87E95E04A73F}.Release|Win32.Build.0 = Release|Win32
		{1353510E-2CC3-45F2-9802-87E95E04A73F}.VSDebug|Win32.ActiveCfg = VSDebug|Win32
		{1353510E-2CC3-45F2-9802-87E95E04A73F}.VSDebug|Win32.Build.0 = VSDebug|Win32
		{E369C31E-6282-40F8-A409-F6E2D50149F9}.Release|Win32.ActiveCfg = Release|Win32
		{E369C31E-6282-40F8-A409-F6E2D50149F9}.Release|Win32.Build.0 = Release|Win32
		{E369C31E-6282-40F8-A409-F6E2D50149F9}.VSDebug|Win32.ActiveCfg = VSDebug|Win32
		{E369C31E-6282-40F8-A409-F6E2D50149F9}.VSDebug|Win32.Build.0 = VSDebug|Win32
		{ABBD3766-F56F-44E1-AC7E-DB061EC7618C}.Release|Win32.ActiveCfg = Release|Win32
		{ABBD3766-F56F-44E1-AC7E-DB061EC7618C}.Release|Win32.Build.0 = Release|Win32
		{ABBD3766-F56F-44E1-AC7E-DB061EC7618C}.VSDebug|Win32.ActiveCfg = VSDebug|Win32
		{ABBD3766-F56F-44E1-AC7E-DB061EC7618C}.VSDebug|Win32.Build.0 = VSDebug|Win32
		{F436D00D-6FDE-4952-94CF-C1142AC3982F}.Release|Win32.ActiveCfg = Release|Win32
		{F436D00D-6FDE-4952-94CF-C1142AC3982F}.Release|Win32.Build.0 = Release|Win32
		{F436D00D-6FDE-4952-94CF-C1142AC3982F}.VSDebug|Win32.ActiveCfg = VSDebug|Win32
		{F436D00D-6FDE-4952-94CF-C1142AC3982F}.VSDebug|Win32.Build.0 = VSDebug|Win32
		{CAF51B43-FACA-46D1-B530-39CAE72E004D}.Release|Win32.ActiveCfg = Release|Win32
		{CAF51B43-FACA-46D1-B530-39CAE72E004D}.Release|Win32.Build.0 = Release|Win32
		{CAF51B43-FACA-46D1-B530-39CAE72E004D}.VSDebug|Win32.ActiveCfg = VSDebug|Win32
		{CAF51B43-FACA-46D1-B530-39CAE72E004D}.VSDebug|Win32.Build.0 = VSDebug|Win32
		{B05D0F0F-5FC7-490C-A1AD-4CD9DE7714A0}.Release|Win32.ActiveCfg = Release|Win32
		{B05D0F0F-5FC7-490C-A1AD-4CD9DE7714A0}.Release|Win32.Build.0 = Release|Win32
		{B05D0F0F-5FC7-490C-A1AD-4CD9DE7714A0}.VSDebug|Win32.ActiveCfg = VSDebug|Win32
		{B05D0F0F-5FC7-490C-A1AD-4CD9DE7714A0}.VSDebug|Win32.Build.0 = VSDebug|Win32
		{32D5E7F1-610B-4503-AB16-99D657A4EB32}.Release|Win32.ActiveCfg = Release|Win32
		{32D5E7F1-610B-4503-AB16-99D657A4EB32}.Release|Win32.Build.0 = Release|Win32
		{32D5E7F1-610B-4503-AB16-99D657A4EB32}.VSDebug|Win32.ActiveCfg = VSDebug|Win32
		{32D5E7F1-610B-4503-AB16-99D657A4EB32}.VSDebug|Win32.Build.0 = VSDebug|Win32
		{957630DF-E157-49C2-805B-83EE752F2BEB}.Release|Win32.ActiveCfg = Release|Win32
		{957630DF-E157-49C2-805B-83EE752F2BEB}.Release|Win32.Build.0 = Release|Win32
		{957630DF-E157-49C2-805B-83EE752F2BEB}.VSDebug|Win32.ActiveCfg = VSDebug|Win32
		{957630DF-E157-49C2-805B-83EE752F2BEB}.VSDebug|Win32.Build.0 = VSDebug|Win32
		{C2730A9F-DB1D-4978-93C4-65528CBF1F98}.Release|Win32.ActiveCfg = Release|Win32
		{C2730A9F-DB1D-4978-93C4-65528CBF1F98}.Release|Win32.Build.0 = Release|Win32
		{C2730A9F-DB1D-4978-93C4-65528CBF1F98}.VSDebug|Win32.ActiveCfg = VSDebug|Win32
		{C2730A9F-DB1D-4978-93C4-65528CBF1F98}.VSDebug|Win32.Build.0 = VSDebug|Win32
		{11248BE9-0E74-4513-92A2-76D54A7E3894}.Release|Win32.ActiveCfg = Release|Win32
		{11248BE9-0E74-4513-92A2-76D54A7E3894}.Release|Win32.Build.0 = Release|Win32
		{11248BE9-0E74-4513-92A2-76D54A7E3894}.VSDebug|Win32.ActiveCfg = VSDebug|Win32
		{11248BE9-0E74-4513-92A2-76D54A7E3894}.VSDebug|Win32.Build.0 = VSDebug|Win32
		{AF69A278-7A51-42F4-9F2E-3736B05F0C16}.Release|Win32.ActiveCfg = Release|Win32
		{AF69A278-7A51-42F4-9F2E-3736B05F0C16}.Release|Win32.Build.0 = Release|Win32
		{AF69A278-7A51-42F4-9F2E-3736B05F0C16}.VSDebug|Win32.ActiveCfg = VSDebug|Win32
		{AF69A278-7A51-42F4-9F2E-3736B05F0C16}.VSDebug|Win32.Build.0 = VSDebug|Win32
		{876F9324-1377-4CEE-B801-FE800FE4EBDA}.Release|Win32.ActiveCfg = Release|Win32
		{876F9324-1377-4CEE-B801-FE800FE4EBDA}.Release|Win32.Build.0 = Release|Win32
		{876F9324-1377-4CEE-B801-FE800FE4EBDA}.VSDebug|Win32.ActiveCfg = VSDebug|Win32
		{876F9324-1377-4CEE-B801-FE800FE4EBDA}.VSDebug|Win32.Build.0 = VSDebug|Win32
		{A6B87FB3-7572-4C43-B547-007E7F2114C9}.Release|Win32.ActiveCfg = Release|Win32
		{A6B87FB3-7572-4C43-B547-007E7F2114C9}.Release|Win32.Build.0 = Release|Win32
		{A6B87FB3-7572-4C43-B547-007E7F2114C9}.VSDebug|Win32.ActiveCfg = VSDebug|Win32
		{A6B87FB3-7572-4C43-B547-007E7F2114C9}.VSDebug|Win32.Build.0 = VSDebug|Win32
		{BF52A8D1-FA84-4885-B8A2-D9B6D338DD71}.Release|Win32.ActiveCfg = Release|Win32
		{BF52A8D1-FA84-4885-B8A2-D9B6D338DD71}.Release|Win32.Build.0 = Release|Win32
		{BF52A8D1-FA84-4885-B8A2-D9B6D338DD71}.VSDebug|Win32.ActiveCfg = VSDebug|Win32
		{BF52A8D1-FA84-4885-B8A2-D9B6D338DD71}.VSDebug|Win32.Build.0 = VSDebug|Win32
		{A9828D3E-AE7B-4D3F-8FE1-A02CB471A703}.Release|Win32.ActiveCfg = Release|Win32
		{A9828D3E-AE7B-4D3F-8FE1-A02CB471A703}.Release|Win32.Build.0 = Release|Win32
		{A9828D3E-AE7B-4D3F-8FE1-A02CB471A703}.VSDebug|Win32.ActiveCfg = VSDebug|Win32
		{A9828D3E-AE7B-4D3F-8FE1-A02CB471A703}.VSDebug|Win32.Build.0 = VSDebug|Win32
		{68F78438-9325-4D03-B3FD-8BA057084BE7}.Release|Win32.ActiveCfg = Release|Win32
		{68F78438-9325-4D03-B3FD-8BA057084BE7}.Release|Win32.Build.0 = Release|Win32
		{68F78438-9325-4D03-B3FD-8BA057084BE7}.VSDebug|Win32.ActiveCfg = VSDebug|Win32
		{68F78438-9325-4D03-B3FD-8BA057084BE7}.VSDebug|Win32.Build.0 = VSDebug|Win32
		{1AFD9886-41D0-4543-8EBC-CCD3BECD215F}.Release|Win32.ActiveCfg = Release|Win32
		{1AFD9886-41D0-4543-8EBC-CCD3BECD215F}.Release|Win32.Build.0 = Release|Win32
		{1AFD9886-41D0-4543-8EBC-CCD3BECD215F}.VSDebug|Win32.ActiveCfg = VSDebug|Win32
		{1AFD9886-41D0-4543-8EBC-CCD3BECD215F}.VSDebug|Win32.Build.0 = VSDebug|Win32
		{4BBCFF06-2F09-45BC-880B-E7FD41A5589E}.Release|Win32.ActiveCfg = Release|Win32
		{4BBCFF06-2F09-45BC-880B-E7FD41A5589E}.Release|Win32.Build.0 = Release|Win32
		{4BBCFF06-2F09-45BC-880B-E7FD41A5589E}.VSDebug|Win32.ActiveCfg = VSDebug|Win32
		{4BBCFF06-2F09-45BC-880B-E7FD41A5589E}.VSDebug|Win32.Build.0 = VSDebug|Win32
		{003388BF-2DF2-4D30-8107-1119A09902C2}.Release|Win32.ActiveCfg = Release|Win32
		{003388BF-2DF2-4D30-8107-1119A09902C2}.Release|Win32.Build.0 = Release|Win32
		{003388BF-2DF2-4D30-8107-1119A09902C2}.VSDebug|Win32.ActiveCfg = VSDebug|Win32
		{003388BF-2DF2-4D30-8107-1119A09902C2}.VSDebug|Win32.Build.0 = VSDebug|Win32
		{E5B002B6-575D-4529-AD55-D2AFBF7D0C51}.Release|Win32.ActiveCfg = Release|Win32
		{E5B002B6-575D-4529-AD55-D2AFBF7D0C51}.Release|Win32.Build.0 = Release|Win32
		{E5B002B6-575D-4529-AD55-D2AFBF7D0C51}.VSDebug|Win32.ActiveCfg = VSDebug|Win32
		{E5B002B6-575D-4529-AD55-D2AFBF7D0C51}.VSDebug|Win32.Build.0 = VSDebug|Win32
		{35AC104F-DAF9-4860-8C89-DB49D665531A}.Release|Win32.ActiveCfg = Release|Win32
		{35AC104F-DAF9-4860-8C89-DB49D665531A}.Release|Win32.Build.0 = Release|Win32
		{35AC104F-DAF9-4860-8C89-DB49D665531A}.VSDebug|Win32.ActiveCfg = VSDebug|Win32
		{35AC104F-DAF9-4860-8C89-DB49D665531A}.VSDebug|Win32.Build.0 = VSDebug|Win32
		{8E3BA1F7-0786-4A4F-962F-C8FC8281A025}.Release|Win32.ActiveCfg = Release|Win32
		{8E3BA1F7-0786-4A4F-962F-C8FC8281A025}.Release|Win32.Build.0 = Release|Win32
		{8E3BA1F7-0786-4A4F-962F-C8FC8281A025}.VSDebug|Win32.ActiveCfg = VSDebug|Win32
		{8E3BA1F7-0786-4A4F-962F-C8FC8281A025}.VSDebug|Win32.Build.0 = VSDebug|Win32
		{C77083B5-E248-4A8E-9F00-D533D8469A26}.Release|Win32.ActiveCfg = Release|Win32
		{C77083B5-E248-4A8E-9F00-D533D8469A26}.Release|Win32.Build.0 = Release|Win32
		{C77083B5-E248-4A8E-9F00-D533D8469A26}.VSDebug|Win32.ActiveCfg = VSDebug|Win32
		{C77083B5-E248-4A8E-9F00-D533D8469A26}.VSDebug|Win32.Build.0 = VSDebug|Win32
		{13D05959-377F-408F-9A28-53DA9FA0DDEE}.Release|Win32.ActiveCfg = Release|Win32
		{13D05959-377F-408F-9A28-53DA9FA0DDEE}.Release|Win32.Build.0 = Release|Win32
		{13D05959-377F-408F-9A28-53DA9FA0DDEE}.VSDebug|Win32.ActiveCfg = VSDebug|Win32
		{13D05959-377F-408F-9A28-53DA9FA0DDEE}.VSDebug|Win32.Build.0 = VSDebug|Win32
		{58EF72D6-030A-4742-A353-21B461635A96}.Release|Win32.ActiveCfg = Release|Win32
		{58EF72D6-030A-4742-A353-21B461635A96}.Release|Win32.Build.0 = Release|Win32
		{58EF72D6-030A-4742-A353-21B461635A96}.VSDebug|Win32.ActiveCfg = VSDebug|Win32
		{58EF72D6-030A-4742-A353-21B461635A96}.VSDebug|Win32.Build.0 = VSDebug|Win32
		{8ACFEE4E-DD09-45D3-8AE8-5A975EAA7C9D}.Release|Win32.ActiveCfg = Release|Win32
		{8ACFEE4E-DD09-45D3-8AE8-5A975EAA7C9D}.Release|Win32.Build.0 = Release|Win32
		{8ACFEE4E-DD09-45D3-8AE8-5A975EAA7C9D}.VSDebug|Win32.ActiveCfg = VSDebug|Win32
		{8ACFEE4E-DD09-45D3-8AE8-5A975EAA7C9D}.VSDebug|Win32.Build.0 = VSDebug|Win32
		{F882ABB9-9B04-4A3C-B90B-8D10893C1E18}.Release|Win32.ActiveCfg = Release|Win32
		{F882ABB9-9B04-4A3C-B90B-8D10893C1E18}.Release|Win32.Build.0 = Release|Win32
		{F882ABB9-9B04-4A3C-B90B-8D10893C1E18}.VSDebug|Win32.ActiveCfg = VSDebug|Win32
		{F882ABB9-9B04-4A3C-B90B-8D10893C1E18}.VSDebug|Win32.Build.0 = VSDebug|Win32
		{E5BF1DAF-6877-436A-93DD-572A3A7524F0}.Release|Win32.ActiveCfg = Release|Win32
		{E5BF1DAF-6877-436A-93DD-572A3A7524F0}.Release|Win32.Build.0 = Release|Win32
		{E5BF1DAF-6877-436A-93DD-572A3A7524F0}.VSDebug|Win32.ActiveCfg = VSDebug|Win32
		{E5BF1DAF-6877-436A-93DD-572A3A7524F0}.VSDebug|Win32.Build.0 = VSDebug|Win32
		{EF642470-0925-4521-8166-D4A0FCD588A4}.Release|Win32.ActiveCfg = Release|Win32
		{EF642470-0925-4521-8166-D4A0FCD588A4}.Release|Win32.Build.0 = Release|Win32
		{EF642470-0925-4521-8166-D4A0FCD588A4}.VSDebug|Win32.ActiveCfg = VSDebug|Win32
		{EF642470-0925-4521-8166-D4A0FCD588A4}.VSDebug|Win32.Build.0 = VSDebug|Win32
		{068E441C-8F3C-411A-A837-1E68A4C7C6C2}.Release|Win32.ActiveCfg = Release|Win32
		{068E441C-8F3C-411A-A837-1E68A4C7C6C2}.Release|Win32.Build.0 = Release|Win32
		{068E441C-8F3C-411A-A837-1E68A4C7C6C2}.VSDebug|Win32.ActiveCfg = VSDebug|Win32
		{068E441C-8F3C-411A-A837-1E68A4C7C6C2}.VSDebug|Win32.Build.0 = VSDebug|Win32
	EndGlobalSection
	GlobalSection(SolutionProperties) = preSolution
		HideSolutionNode = FALSE
	EndGlobalSection
EndGlobal
