
Microsoft Visual Studio Solution File, Format Version 10.00
# Visual C++ Express 2008
Project("{8BC9CEB8-8B4A-11D0-8D11-00A0C91BC942}") = "libfcache", "libfcache\libfcache.vcproj", "{493CBB92-E5AE-4E62-A074-9ACEE4DDDFA3}"
	ProjectSection(ProjectDependencies) = postProject
		{CB0CC63E-B125-40FA-9DD1-52235CD4B442} = {CB0CC63E-B125-40FA-9DD1-52235CD4B442}
		{58EF72D6-030A-4742-A353-21B461635A96} = {58EF72D6-030A-4742-A353-21B461635A96}
		{E5B002B6-575D-4529-AD55-D2AFBF7D0C51} = {E5B002B6-575D-4529-AD55-D2AFBF7D0C51}
		{E5BF1DAF-6877-436A-93DD-572A3A7524F0} = {E5BF1DAF-6877-436A-93DD-572A3A7524F0}
	EndProjectSection
EndProject
Project("{8BC9CEB8-8B4A-11D0-8D11-00A0C91BC942}") = "libfguid", "libfguid\libfguid.vcproj", "{CC1CBD55-D2C2-4F21-BA88-98026B6EF025}"
	ProjectSection(ProjectDependencies) = postProject
		{CB0CC63E-B125-40FA-9DD1-52235CD4B442} = {CB0CC63E-B125-40FA-9DD1-52235CD4B442}
		{58EF72D6-030A-4742-A353-21B461635A96} = {58EF72D6-030A-4742-A353-21B461635A96}
	EndProjectSection
EndProject
Project("{8BC9CEB8-8B4A-11D0-8D11-00A0C91BC942}") = "fshfs_test_error", "fshfs_test_error\fshfs_test_error.vcproj", "{9A49F667-A795-4A2A-9C69-CAD29ED588ED}"
	ProjectSection(ProjectDependencies) = postProject
		{13D05959-377F-408F-9A28-53DA9FA0DDEE} = {13D05959-377F-408F-9A28-53DA9FA0DDEE}
		{CB0CC63E-B125-40FA-9DD1-52235CD4B442} = {CB0CC63E-B125-40FA-9DD1-52235CD4B442}
	EndProjectSection
EndProject
Project("{8BC9CEB8-8B4A-11D0-8D11-00A0C91BC942}") = "fshfs_test_get_version", "fshfs_test_get_version\fshfs_test_get_version.vcproj", "{69B314BF-D6C2-43B3-B043-5A90D1EC2F81}"
	ProjectSection(ProjectDependencies) = postProject
		{13D05959-377F-408F-9A28-53DA9FA0DDEE} = {13D05959-377F-408F-9A28-53DA9FA0DDEE}
		{CB0CC63E-B125-40FA-9DD1-52235CD4B442} = {CB0CC63E-B125-40FA-9DD1-52235CD4B442}
	EndProjectSection
EndProject
Project("{8BC9CEB8-8B4A-11D0-8D11-00A0C91BC942}") = "libclocale", "libclocale\libclocale.vcproj", "{A6B87FB3-7572-4C43-B547-007E7F2114C9}"
	ProjectSection(ProjectDependencies) = postProject
		{CB0CC63E-B125-40FA-9DD1-52235CD4B442} = {CB0CC63E-B125-40FA-9DD1-52235CD4B442}
		{58EF72D6-030A-4742-A353-21B461635A96} = {58EF72D6-030A-4742-A353-21B461635A96}
	EndProjectSection
EndProject
Project("{8BC9CEB8-8B4A-11D0-8D11-00A0C91BC942}") = "fshfsinfo", "fshfsinfo\fshfsinfo.vcproj", "{BF52A8D1-FA84-4885-B8A2-D9B6D338DD71}"
	ProjectSection(ProjectDependencies) = postProject
		{58303B80-7B80-4FA4-BAD4-14FBC6D27442} = {58303B80-7B80-4FA4-BAD4-14FBC6D27442}
		{CC1CBD55-D2C2-4F21-BA88-98026B6EF025} = {CC1CBD55-D2C2-4F21-BA88-98026B6EF025}
		{4BBCFF06-2F09-45BC-880B-E7FD41A5589E} = {4BBCFF06-2F09-45BC-880B-E7FD41A5589E}
		{68F78438-9325-4D03-B3FD-8BA057084BE7} = {68F78438-9325-4D03-B3FD-8BA057084BE7}
		{35AC104F-DAF9-4860-8C89-DB49D665531A} = {35AC104F-DAF9-4860-8C89-DB49D665531A}
		{003388BF-2DF2-4D30-8107-1119A09902C2} = {003388BF-2DF2-4D30-8107-1119A09902C2}
		{C77083B5-E248-4A8E-9F00-D533D8469A26} = {C77083B5-E248-4A8E-9F00-D533D8469A26}
		{EF642470-0925-4521-8166-D4A0FCD588A4} = {EF642470-0925-4521-8166-D4A0FCD588A4}
		{E5BF1DAF-6877-436A-93DD-572A3A7524F0} = {E5BF1DAF-6877-436A-93DD-572A3A7524F0}
		{13D05959-377F-408F-9A28-53DA9FA0DDEE} = {13D05959-377F-408F-9A28-53DA9FA0DDEE}
		{8ACFEE4E-DD09-45D3-8AE8-5A975EAA7C9D} = {8ACFEE4E-DD09-45D3-8AE8-5A975EAA7C9D}
		{A6B87FB3-7572-4C43-B547-007E7F2114C9} = {A6B87FB3-7572-4C43-B547-007E7F2114C9}
		{58EF72D6-030A-4742-A353-21B461635A96} = {58EF72D6-030A-4742-A353-21B461635A96}
		{CB0CC63E-B125-40FA-9DD1-52235CD4B442} = {CB0CC63E-B125-40FA-9DD1-52235CD4B442}
	EndProjectSection
EndProject
Project("{8BC9CEB8-8B4A-11D0-8D11-00A0C91BC942}") = "libbfio", "libbfio\libbfio.vcproj", "{68F78438-9325-4D03-B3FD-8BA057084BE7}"
	ProjectSection(ProjectDependencies) = postProject
		{CB0CC63E-B125-40FA-9DD1-52235CD4B442} = {CB0CC63E-B125-40FA-9DD1-52235CD4B442}
		{58EF72D6-030A-4742-A353-21B461635A96} = {58EF72D6-030A-4742-A353-21B461635A96}
		{E5B002B6-575D-4529-AD55-D2AFBF7D0C51} = {E5B002B6-575D-4529-AD55-D2AFBF7D0C51}
		{A6B87FB3-7572-4C43-B547-007E7F2114C9} = {A6B87FB3-7572-4C43-B547-007E7F2114C9}
		{8ACFEE4E-DD09-45D3-8AE8-5A975EAA7C9D} = {8ACFEE4E-DD09-45D3-8AE8-5A975EAA7C9D}
		{E5BF1DAF-6877-436A-93DD-572A3A7524F0} = {E5BF1DAF-6877-436A-93DD-572A3A7524F0}
		{EF642470-0925-4521-8166-D4A0FCD588A4} = {EF642470-0925-4521-8166-D4A0FCD588A4}
		{003388BF-2DF2-4D30-8107-1119A09902C2} = {003388BF-2DF2-4D30-8107-1119A09902C2}
		{35AC104F-DAF9-4860-8C89-DB49D665531A} = {35AC104F-DAF9-4860-8C89-DB49D665531A}
		{C77083B5-E248-4A8E-9F00-D533D8469A26} = {C77083B5-E248-4A8E-9F00-D533D8469A26}
	EndProjectSection
EndProject
Project("{8BC9CEB8-8B4A-11D0-8D11-00A0C91BC942}") = "pyfshfs", "pyfshfs\pyfshfs.vcproj", "{1AFD9886-41D0-4543-8EBC-CCD3BECD215F}"
	ProjectSection(ProjectDependencies) = postProject
		{CB0CC63E-B125-40FA-9DD1-52235CD4B442} = {CB0CC63E-B125-40FA-9DD1-52235CD4B442}
		{58EF72D6-030A-4742-A353-21B461635A96} = {58EF72D6-030A-4742-A353-21B461635A96}
		{13D05959-377F-408F-9A28-53DA9FA0DDEE} = {13D05959-377F-408F-9A28-53DA9FA0DDEE}
		{E5BF1DAF-6877-436A-93DD-572A3A7524F0} = {E5BF1DAF-6877-436A-93DD-572A3A7524F0}
		{A6B87FB3-7572-4C43-B547-007E7F2114C9} = {A6B87FB3-7572-4C43-B547-007E7F2114C9}
		{EF642470-0925-4521-8166-D4A0FCD588A4} = {EF642470-0925-4521-8166-D4A0FCD588A4}
		{C77083B5-E248-4A8E-9F00-D533D8469A26} = {C77083B5-E248-4A8E-9F00-D533D8469A26}
		{003388BF-2DF2-4D30-8107-1119A09902C2} = {003388BF-2DF2-4D30-8107-1119A09902C2}
		{35AC104F-DAF9-4860-8C89-DB49D665531A} = {35AC104F-DAF9-4860-8C89-DB49D665531A}
		{68F78438-9325-4D03-B3FD-8BA057084BE7} = {68F78438-9325-4D03-B3FD-8BA057084BE7}
	EndProjectSection
EndProject
Project("{8BC9CEB8-8B4A-11D0-8D11-00A0C91BC942}") = "libfdatetime", "libfdatetime\libfdatetime.vcproj", "{4BBCFF06-2F09-45BC-880B-E7FD41A5589E}"
	ProjectSection(ProjectDependencies) = postProject
		{CB0CC63E-B125-40FA-9DD1-52235CD4B442} = {CB0CC63E-B125-40FA-9DD1-52235CD4B442}
		{58EF72D6-030A-4742-A353-21B461635A96} = {58EF72D6-030A-4742-A353-21B461635A96}
	EndProjectSection
EndProject
Project("{8BC9CEB8-8B4A-11D0-8D11-00A0C91BC942}") = "libcfile", "libcfile\libcfile.vcproj", "{003388BF-2DF2-4D30-8107-1119A09902C2}"
	ProjectSection(ProjectDependencies) = postProject
		{CB0CC63E-B125-40FA-9DD1-52235CD4B442} = {CB0CC63E-B125-40FA-9DD1-52235CD4B442}
		{58EF72D6-030A-4742-A353-21B461635A96} = {58EF72D6-030A-4742-A353-21B461635A96}
		{A6B87FB3-7572-4C43-B547-007E7F2114C9} = {A6B87FB3-7572-4C43-B547-007E7F2114C9}
		{8ACFEE4E-DD09-45D3-8AE8-5A975EAA7C9D} = {8ACFEE4E-DD09-45D3-8AE8-5A975EAA7C9D}
		{C77083B5-E248-4A8E-9F00-D533D8469A26} = {C77083B5-E248-4A8E-9F00-D533D8469A26}
	EndProjectSection
EndProject
Project("{8BC9CEB8-8B4A-11D0-8D11-00A0C91BC942}") = "libcthreads", "libcthreads\libcthreads.vcproj", "{E5B002B6-575D-4529-AD55-D2AFBF7D0C51}"
	ProjectSection(ProjectDependencies) = postProject
		{CB0CC63E-B125-40FA-9DD1-52235CD4B442} = {CB0CC63E-B125-40FA-9DD1-52235CD4B442}
		{58EF72D6-030A-4742-A353-21B461635A96} = {58EF72D6-030A-4742-A353-21B461635A96}
	EndProjectSection
EndProject
Project("{8BC9CEB8-8B4A-11D0-8D11-00A0C91BC942}") = "libcpath", "libcpath\libcpath.vcproj", "{35AC104F-DAF9-4860-8C89-DB49D665531A}"
	ProjectSection(ProjectDependencies) = postProject
		{CB0CC63E-B125-40FA-9DD1-52235CD4B442} = {CB0CC63E-B125-40FA-9DD1-52235CD4B442}
		{58EF72D6-030A-4742-A353-21B461635A96} = {58EF72D6-030A-4742-A353-21B461635A96}
		{A6B87FB3-7572-4C43-B547-007E7F2114C9} = {A6B87FB3-7572-4C43-B547-007E7F2114C9}
		{EF642470-0925-4521-8166-D4A0FCD588A4} = {EF642470-0925-4521-8166-D4A0FCD588A4}
		{C77083B5-E248-4A8E-9F00-D533D8469A26} = {C77083B5-E248-4A8E-9F00-D533D8469A26}
	EndProjectSection
EndProject
Project("{8BC9CEB8-8B4A-11D0-8D11-00A0C91BC942}") = "libcstring", "libcstring\libcstring.vcproj", "{CB0CC63E-B125-40FA-9DD1-52235CD4B442}"
EndProject
Project("{8BC9CEB8-8B4A-11D0-8D11-00A0C91BC942}") = "libuna", "libuna\libuna.vcproj", "{C77083B5-E248-4A8E-9F00-D533D8469A26}"
	ProjectSection(ProjectDependencies) = postProject
		{CB0CC63E-B125-40FA-9DD1-52235CD4B442} = {CB0CC63E-B125-40FA-9DD1-52235CD4B442}
		{58EF72D6-030A-4742-A353-21B461635A96} = {58EF72D6-030A-4742-A353-21B461635A96}
	EndProjectSection
EndProject
Project("{8BC9CEB8-8B4A-11D0-8D11-00A0C91BC942}") = "libfshfs", "libfshfs\libfshfs.vcproj", "{13D05959-377F-408F-9A28-53DA9FA0DDEE}"
	ProjectSection(ProjectDependencies) = postProject
		{CB0CC63E-B125-40FA-9DD1-52235CD4B442} = {CB0CC63E-B125-40FA-9DD1-52235CD4B442}
		{58EF72D6-030A-4742-A353-21B461635A96} = {58EF72D6-030A-4742-A353-21B461635A96}
		{E5BF1DAF-6877-436A-93DD-572A3A7524F0} = {E5BF1DAF-6877-436A-93DD-572A3A7524F0}
		{A6B87FB3-7572-4C43-B547-007E7F2114C9} = {A6B87FB3-7572-4C43-B547-007E7F2114C9}
		{8ACFEE4E-DD09-45D3-8AE8-5A975EAA7C9D} = {8ACFEE4E-DD09-45D3-8AE8-5A975EAA7C9D}
		{EF642470-0925-4521-8166-D4A0FCD588A4} = {EF642470-0925-4521-8166-D4A0FCD588A4}
		{C77083B5-E248-4A8E-9F00-D533D8469A26} = {C77083B5-E248-4A8E-9F00-D533D8469A26}
		{003388BF-2DF2-4D30-8107-1119A09902C2} = {003388BF-2DF2-4D30-8107-1119A09902C2}
		{35AC104F-DAF9-4860-8C89-DB49D665531A} = {35AC104F-DAF9-4860-8C89-DB49D665531A}
		{68F78438-9325-4D03-B3FD-8BA057084BE7} = {68F78438-9325-4D03-B3FD-8BA057084BE7}
		{493CBB92-E5AE-4E62-A074-9ACEE4DDDFA3} = {493CBB92-E5AE-4E62-A074-9ACEE4DDDFA3}
		{F882ABB9-9B04-4A3C-B90B-8D10893C1E18} = {F882ABB9-9B04-4A3C-B90B-8D10893C1E18}
		{4BBCFF06-2F09-45BC-880B-E7FD41A5589E} = {4BBCFF06-2F09-45BC-880B-E7FD41A5589E}
		{CC1CBD55-D2C2-4F21-BA88-98026B6EF025} = {CC1CBD55-D2C2-4F21-BA88-98026B6EF025}
	EndProjectSection
EndProject
Project("{8BC9CEB8-8B4A-11D0-8D11-00A0C91BC942}") = "libcerror", "libcerror\libcerror.vcproj", "{58EF72D6-030A-4742-A353-21B461635A96}"
	ProjectSection(ProjectDependencies) = postProject
		{CB0CC63E-B125-40FA-9DD1-52235CD4B442} = {CB0CC63E-B125-40FA-9DD1-52235CD4B442}
	EndProjectSection
EndProject
Project("{8BC9CEB8-8B4A-11D0-8D11-00A0C91BC942}") = "libcnotify", "libcnotify\libcnotify.vcproj", "{8ACFEE4E-DD09-45D3-8AE8-5A975EAA7C9D}"
	ProjectSection(ProjectDependencies) = postProject
		{CB0CC63E-B125-40FA-9DD1-52235CD4B442} = {CB0CC63E-B125-40FA-9DD1-52235CD4B442}
		{58EF72D6-030A-4742-A353-21B461635A96} = {58EF72D6-030A-4742-A353-21B461635A96}
	EndProjectSection
EndProject
Project("{8BC9CEB8-8B4A-11D0-8D11-00A0C91BC942}") = "libcsystem", "libcsystem\libcsystem.vcproj", "{58303B80-7B80-4FA4-BAD4-14FBC6D27442}"
	ProjectSection(ProjectDependencies) = postProject
		{CB0CC63E-B125-40FA-9DD1-52235CD4B442} = {CB0CC63E-B125-40FA-9DD1-52235CD4B442}
		{58EF72D6-030A-4742-A353-21B461635A96} = {58EF72D6-030A-4742-A353-21B461635A96}
		{A6B87FB3-7572-4C43-B547-007E7F2114C9} = {A6B87FB3-7572-4C43-B547-007E7F2114C9}
		{8ACFEE4E-DD09-45D3-8AE8-5A975EAA7C9D} = {8ACFEE4E-DD09-45D3-8AE8-5A975EAA7C9D}
		{C77083B5-E248-4A8E-9F00-D533D8469A26} = {C77083B5-E248-4A8E-9F00-D533D8469A26}
	EndProjectSection
EndProject
Project("{8BC9CEB8-8B4A-11D0-8D11-00A0C91BC942}") = "libfdata", "libfdata\libfdata.vcproj", "{F882ABB9-9B04-4A3C-B90B-8D10893C1E18}"
	ProjectSection(ProjectDependencies) = postProject
		{CB0CC63E-B125-40FA-9DD1-52235CD4B442} = {CB0CC63E-B125-40FA-9DD1-52235CD4B442}
		{58EF72D6-030A-4742-A353-21B461635A96} = {58EF72D6-030A-4742-A353-21B461635A96}
		{E5B002B6-575D-4529-AD55-D2AFBF7D0C51} = {E5B002B6-575D-4529-AD55-D2AFBF7D0C51}
		{E5BF1DAF-6877-436A-93DD-572A3A7524F0} = {E5BF1DAF-6877-436A-93DD-572A3A7524F0}
		{8ACFEE4E-DD09-45D3-8AE8-5A975EAA7C9D} = {8ACFEE4E-DD09-45D3-8AE8-5A975EAA7C9D}
		{493CBB92-E5AE-4E62-A074-9ACEE4DDDFA3} = {493CBB92-E5AE-4E62-A074-9ACEE4DDDFA3}
	EndProjectSection
EndProject
Project("{8BC9CEB8-8B4A-11D0-8D11-00A0C91BC942}") = "libcdata", "libcdata\libcdata.vcproj", "{E5BF1DAF-6877-436A-93DD-572A3A7524F0}"
	ProjectSection(ProjectDependencies) = postProject
		{CB0CC63E-B125-40FA-9DD1-52235CD4B442} = {CB0CC63E-B125-40FA-9DD1-52235CD4B442}
		{58EF72D6-030A-4742-A353-21B461635A96} = {58EF72D6-030A-4742-A353-21B461635A96}
		{E5B002B6-575D-4529-AD55-D2AFBF7D0C51} = {E5B002B6-575D-4529-AD55-D2AFBF7D0C51}
	EndProjectSection
EndProject
Project("{8BC9CEB8-8B4A-11D0-8D11-00A0C91BC942}") = "libcsplit", "libcsplit\libcsplit.vcproj", "{EF642470-0925-4521-8166-D4A0FCD588A4}"
	ProjectSection(ProjectDependencies) = postProject
		{CB0CC63E-B125-40FA-9DD1-52235CD4B442} = {CB0CC63E-B125-40FA-9DD1-52235CD4B442}
		{58EF72D6-030A-4742-A353-21B461635A96} = {58EF72D6-030A-4742-A353-21B461635A96}
	EndProjectSection
EndProject
Global
	GlobalSection(SolutionConfigurationPlatforms) = preSolution
		Release|Win32 = Release|Win32
		VSDebug|Win32 = VSDebug|Win32
	EndGlobalSection
	GlobalSection(ProjectConfigurationPlatforms) = postSolution
		{493CBB92-E5AE-4E62-A074-9ACEE4DDDFA3}.Release|Win32.ActiveCfg = Release|Win32
		{493CBB92-E5AE-4E62-A074-9ACEE4DDDFA3}.Release|Win32.Build.0 = Release|Win32
		{493CBB92-E5AE-4E62-A074-9ACEE4DDDFA3}.VSDebug|Win32.ActiveCfg = VSDebug|Win32
		{493CBB92-E5AE-4E62-A074-9ACEE4DDDFA3}.VSDebug|Win32.Build.0 = VSDebug|Win32
		{CC1CBD55-D2C2-4F21-BA88-98026B6EF025}.Release|Win32.ActiveCfg = Release|Win32
		{CC1CBD55-D2C2-4F21-BA88-98026B6EF025}.Release|Win32.Build.0 = Release|Win32
		{CC1CBD55-D2C2-4F21-BA88-98026B6EF025}.VSDebug|Win32.ActiveCfg = VSDebug|Win32
		{CC1CBD55-D2C2-4F21-BA88-98026B6EF025}.VSDebug|Win32.Build.0 = VSDebug|Win32
		{9A49F667-A795-4A2A-9C69-CAD29ED588ED}.Release|Win32.ActiveCfg = Release|Win32
		{9A49F667-A795-4A2A-9C69-CAD29ED588ED}.Release|Win32.Build.0 = Release|Win32
		{9A49F667-A795-4A2A-9C69-CAD29ED588ED}.VSDebug|Win32.ActiveCfg = VSDebug|Win32
		{9A49F667-A795-4A2A-9C69-CAD29ED588ED}.VSDebug|Win32.Build.0 = VSDebug|Win32
		{69B314BF-D6C2-43B3-B043-5A90D1EC2F81}.Release|Win32.ActiveCfg = Release|Win32
		{69B314BF-D6C2-43B3-B043-5A90D1EC2F81}.Release|Win32.Build.0 = Release|Win32
		{69B314BF-D6C2-43B3-B043-5A90D1EC2F81}.VSDebug|Win32.ActiveCfg = VSDebug|Win32
		{69B314BF-D6C2-43B3-B043-5A90D1EC2F81}.VSDebug|Win32.Build.0 = VSDebug|Win32
		{A6B87FB3-7572-4C43-B547-007E7F2114C9}.Release|Win32.ActiveCfg = Release|Win32
		{A6B87FB3-7572-4C43-B547-007E7F2114C9}.Release|Win32.Build.0 = Release|Win32
		{A6B87FB3-7572-4C43-B547-007E7F2114C9}.VSDebug|Win32.ActiveCfg = VSDebug|Win32
		{A6B87FB3-7572-4C43-B547-007E7F2114C9}.VSDebug|Win32.Build.0 = VSDebug|Win32
		{BF52A8D1-FA84-4885-B8A2-D9B6D338DD71}.Release|Win32.ActiveCfg = Release|Win32
		{BF52A8D1-FA84-4885-B8A2-D9B6D338DD71}.Release|Win32.Build.0 = Release|Win32
		{BF52A8D1-FA84-4885-B8A2-D9B6D338DD71}.VSDebug|Win32.ActiveCfg = VSDebug|Win32
		{BF52A8D1-FA84-4885-B8A2-D9B6D338DD71}.VSDebug|Win32.Build.0 = VSDebug|Win32
		{68F78438-9325-4D03-B3FD-8BA057084BE7}.Release|Win32.ActiveCfg = Release|Win32
		{68F78438-9325-4D03-B3FD-8BA057084BE7}.Release|Win32.Build.0 = Release|Win32
		{68F78438-9325-4D03-B3FD-8BA057084BE7}.VSDebug|Win32.ActiveCfg = VSDebug|Win32
		{68F78438-9325-4D03-B3FD-8BA057084BE7}.VSDebug|Win32.Build.0 = VSDebug|Win32
		{1AFD9886-41D0-4543-8EBC-CCD3BECD215F}.Release|Win32.ActiveCfg = Release|Win32
		{1AFD9886-41D0-4543-8EBC-CCD3BECD215F}.Release|Win32.Build.0 = Release|Win32
		{1AFD9886-41D0-4543-8EBC-CCD3BECD215F}.VSDebug|Win32.ActiveCfg = VSDebug|Win32
		{1AFD9886-41D0-4543-8EBC-CCD3BECD215F}.VSDebug|Win32.Build.0 = VSDebug|Win32
		{4BBCFF06-2F09-45BC-880B-E7FD41A5589E}.Release|Win32.ActiveCfg = Release|Win32
		{4BBCFF06-2F09-45BC-880B-E7FD41A5589E}.Release|Win32.Build.0 = Release|Win32
		{4BBCFF06-2F09-45BC-880B-E7FD41A5589E}.VSDebug|Win32.ActiveCfg = VSDebug|Win32
		{4BBCFF06-2F09-45BC-880B-E7FD41A5589E}.VSDebug|Win32.Build.0 = VSDebug|Win32
		{003388BF-2DF2-4D30-8107-1119A09902C2}.Release|Win32.ActiveCfg = Release|Win32
		{003388BF-2DF2-4D30-8107-1119A09902C2}.Release|Win32.Build.0 = Release|Win32
		{003388BF-2DF2-4D30-8107-1119A09902C2}.VSDebug|Win32.ActiveCfg = VSDebug|Win32
		{003388BF-2DF2-4D30-8107-1119A09902C2}.VSDebug|Win32.Build.0 = VSDebug|Win32
		{E5B002B6-575D-4529-AD55-D2AFBF7D0C51}.Release|Win32.ActiveCfg = Release|Win32
		{E5B002B6-575D-4529-AD55-D2AFBF7D0C51}.Release|Win32.Build.0 = Release|Win32
		{E5B002B6-575D-4529-AD55-D2AFBF7D0C51}.VSDebug|Win32.ActiveCfg = VSDebug|Win32
		{E5B002B6-575D-4529-AD55-D2AFBF7D0C51}.VSDebug|Win32.Build.0 = VSDebug|Win32
		{35AC104F-DAF9-4860-8C89-DB49D665531A}.Release|Win32.ActiveCfg = Release|Win32
		{35AC104F-DAF9-4860-8C89-DB49D665531A}.Release|Win32.Build.0 = Release|Win32
		{35AC104F-DAF9-4860-8C89-DB49D665531A}.VSDebug|Win32.ActiveCfg = VSDebug|Win32
		{35AC104F-DAF9-4860-8C89-DB49D665531A}.VSDebug|Win32.Build.0 = VSDebug|Win32
		{CB0CC63E-B125-40FA-9DD1-52235CD4B442}.Release|Win32.ActiveCfg = Release|Win32
		{CB0CC63E-B125-40FA-9DD1-52235CD4B442}.Release|Win32.Build.0 = Release|Win32
		{CB0CC63E-B125-40FA-9DD1-52235CD4B442}.VSDebug|Win32.ActiveCfg = VSDebug|Win32
		{CB0CC63E-B125-40FA-9DD1-52235CD4B442}.VSDebug|Win32.Build.0 = VSDebug|Win32
		{C77083B5-E248-4A8E-9F00-D533D8469A26}.Release|Win32.ActiveCfg = Release|Win32
		{C77083B5-E248-4A8E-9F00-D533D8469A26}.Release|Win32.Build.0 = Release|Win32
		{C77083B5-E248-4A8E-9F00-D533D8469A26}.VSDebug|Win32.ActiveCfg = VSDebug|Win32
		{C77083B5-E248-4A8E-9F00-D533D8469A26}.VSDebug|Win32.Build.0 = VSDebug|Win32
		{13D05959-377F-408F-9A28-53DA9FA0DDEE}.Release|Win32.ActiveCfg = Release|Win32
		{13D05959-377F-408F-9A28-53DA9FA0DDEE}.Release|Win32.Build.0 = Release|Win32
		{13D05959-377F-408F-9A28-53DA9FA0DDEE}.VSDebug|Win32.ActiveCfg = VSDebug|Win32
		{13D05959-377F-408F-9A28-53DA9FA0DDEE}.VSDebug|Win32.Build.0 = VSDebug|Win32
		{58EF72D6-030A-4742-A353-21B461635A96}.Release|Win32.ActiveCfg = Release|Win32
		{58EF72D6-030A-4742-A353-21B461635A96}.Release|Win32.Build.0 = Release|Win32
		{58EF72D6-030A-4742-A353-21B461635A96}.VSDebug|Win32.ActiveCfg = VSDebug|Win32
		{58EF72D6-030A-4742-A353-21B461635A96}.VSDebug|Win32.Build.0 = VSDebug|Win32
		{8ACFEE4E-DD09-45D3-8AE8-5A975EAA7C9D}.Release|Win32.ActiveCfg = Release|Win32
		{8ACFEE4E-DD09-45D3-8AE8-5A975EAA7C9D}.Release|Win32.Build.0 = Release|Win32
		{8ACFEE4E-DD09-45D3-8AE8-5A975EAA7C9D}.VSDebug|Win32.ActiveCfg = VSDebug|Win32
		{8ACFEE4E-DD09-45D3-8AE8-5A975EAA7C9D}.VSDebug|Win32.Build.0 = VSDebug|Win32
		{58303B80-7B80-4FA4-BAD4-14FBC6D27442}.Release|Win32.ActiveCfg = Release|Win32
		{58303B80-7B80-4FA4-BAD4-14FBC6D27442}.Release|Win32.Build.0 = Release|Win32
		{58303B80-7B80-4FA4-BAD4-14FBC6D27442}.VSDebug|Win32.ActiveCfg = VSDebug|Win32
		{58303B80-7B80-4FA4-BAD4-14FBC6D27442}.VSDebug|Win32.Build.0 = VSDebug|Win32
		{F882ABB9-9B04-4A3C-B90B-8D10893C1E18}.Release|Win32.ActiveCfg = Release|Win32
		{F882ABB9-9B04-4A3C-B90B-8D10893C1E18}.Release|Win32.Build.0 = Release|Win32
		{F882ABB9-9B04-4A3C-B90B-8D10893C1E18}.VSDebug|Win32.ActiveCfg = VSDebug|Win32
		{F882ABB9-9B04-4A3C-B90B-8D10893C1E18}.VSDebug|Win32.Build.0 = VSDebug|Win32
		{E5BF1DAF-6877-436A-93DD-572A3A7524F0}.Release|Win32.ActiveCfg = Release|Win32
		{E5BF1DAF-6877-436A-93DD-572A3A7524F0}.Release|Win32.Build.0 = Release|Win32
		{E5BF1DAF-6877-436A-93DD-572A3A7524F0}.VSDebug|Win32.ActiveCfg = VSDebug|Win32
		{E5BF1DAF-6877-436A-93DD-572A3A7524F0}.VSDebug|Win32.Build.0 = VSDebug|Win32
		{EF642470-0925-4521-8166-D4A0FCD588A4}.Release|Win32.ActiveCfg = Release|Win32
		{EF642470-0925-4521-8166-D4A0FCD588A4}.Release|Win32.Build.0 = Release|Win32
		{EF642470-0925-4521-8166-D4A0FCD588A4}.VSDebug|Win32.ActiveCfg = VSDebug|Win32
		{EF642470-0925-4521-8166-D4A0FCD588A4}.VSDebug|Win32.Build.0 = VSDebug|Win32
	EndGlobalSection
	GlobalSection(SolutionProperties) = preSolution
		HideSolutionNode = FALSE
	EndGlobalSection
EndGlobal
